// !$*UTF8*$!
{
	archiveVersion = 1;
	classes = {
	};
	objectVersion = 56;
	objects = {

/* Begin PBXBuildFile section */
		2C2A20512A7170E1002A6D3C /* AppDelegate.swift in Sources */ = {isa = PBXBuildFile; fileRef = 2C2A20502A7170E1002A6D3C /* AppDelegate.swift */; };
		2C2A20532A7170E1002A6D3C /* SceneDelegate.swift in Sources */ = {isa = PBXBuildFile; fileRef = 2C2A20522A7170E1002A6D3C /* SceneDelegate.swift */; };
		2C2A20682A717FA2002A6D3C /* ApplicationFlowCoordinator.swift in Sources */ = {isa = PBXBuildFile; fileRef = 2C2A20672A717FA2002A6D3C /* ApplicationFlowCoordinator.swift */; };
		2C2A206F2A727E88002A6D3C /* RealmSwift in Frameworks */ = {isa = PBXBuildFile; productRef = 2C2A206E2A727E88002A6D3C /* RealmSwift */; };
		2C2A20712A7282D8002A6D3C /* ApplicationFlowAssembly.swift in Sources */ = {isa = PBXBuildFile; fileRef = 2C2A20702A7282D8002A6D3C /* ApplicationFlowAssembly.swift */; };
		2C2A20732A7285AA002A6D3C /* MainFlowCoordinator.swift in Sources */ = {isa = PBXBuildFile; fileRef = 2C2A20722A7285AA002A6D3C /* MainFlowCoordinator.swift */; };
		2C2A20762A7286EC002A6D3C /* FlowCoordinator.swift in Sources */ = {isa = PBXBuildFile; fileRef = 2C2A20752A7286EC002A6D3C /* FlowCoordinator.swift */; };
		2C2A20782A7287AA002A6D3C /* MainFlowAssembly.swift in Sources */ = {isa = PBXBuildFile; fileRef = 2C2A20772A7287AA002A6D3C /* MainFlowAssembly.swift */; };
		2C2A207B2A729267002A6D3C /* MainViewController.swift in Sources */ = {isa = PBXBuildFile; fileRef = 2C2A207A2A729267002A6D3C /* MainViewController.swift */; };
		2C2A207F2A72927E002A6D3C /* MainModel.swift in Sources */ = {isa = PBXBuildFile; fileRef = 2C2A207E2A72927E002A6D3C /* MainModel.swift */; };
		2C2A20812A729337002A6D3C /* NiblessViewController.swift in Sources */ = {isa = PBXBuildFile; fileRef = 2C2A20802A729337002A6D3C /* NiblessViewController.swift */; };
		2C2A208A2A72A530002A6D3C /* Realm+Utilities.swift in Sources */ = {isa = PBXBuildFile; fileRef = 2C2A20892A72A530002A6D3C /* Realm+Utilities.swift */; };
		2C2A20B72A7551E8002A6D3C /* MainTableViewCell.swift in Sources */ = {isa = PBXBuildFile; fileRef = 2C2A20B62A7551E8002A6D3C /* MainTableViewCell.swift */; };
		2C2A20B92A7556BF002A6D3C /* Reusable.swift in Sources */ = {isa = PBXBuildFile; fileRef = 2C2A20B82A7556BF002A6D3C /* Reusable.swift */; };
		2C2A20BB2A755AFA002A6D3C /* Autolayout.swift in Sources */ = {isa = PBXBuildFile; fileRef = 2C2A20BA2A755AFA002A6D3C /* Autolayout.swift */; };
		2C2A20BE2A756AD4002A6D3C /* GSViewController.swift in Sources */ = {isa = PBXBuildFile; fileRef = 2C2A20BD2A756AD4002A6D3C /* GSViewController.swift */; };
		2C2A20C02A756AE0002A6D3C /* GSModel.swift in Sources */ = {isa = PBXBuildFile; fileRef = 2C2A20BF2A756AE0002A6D3C /* GSModel.swift */; };
		2C3C53282A7BB01300D019A1 /* Inter-Bold.ttf in Resources */ = {isa = PBXBuildFile; fileRef = 2CBFE44B2A77CEDA00A50257 /* Inter-Bold.ttf */; };
		2C3C53292A7BB01F00D019A1 /* Inter-Regular.ttf in Resources */ = {isa = PBXBuildFile; fileRef = 2CBFE44C2A77CEDA00A50257 /* Inter-Regular.ttf */; };
		2C45A5372A76A7550023B3A8 /* GameModesViewController.swift in Sources */ = {isa = PBXBuildFile; fileRef = 2C45A5362A76A7550023B3A8 /* GameModesViewController.swift */; };
		2C45A5392A76A7620023B3A8 /* GameModesModel.swift in Sources */ = {isa = PBXBuildFile; fileRef = 2C45A5382A76A7620023B3A8 /* GameModesModel.swift */; };
		2C45A53B2A76A7780023B3A8 /* ChecklistViewController.swift in Sources */ = {isa = PBXBuildFile; fileRef = 2C45A53A2A76A7780023B3A8 /* ChecklistViewController.swift */; };
		2C45A53D2A76A7800023B3A8 /* ChecklistModel.swift in Sources */ = {isa = PBXBuildFile; fileRef = 2C45A53C2A76A7800023B3A8 /* ChecklistModel.swift */; };
		2C45A5402A76A7A50023B3A8 /* FilterViewController.swift in Sources */ = {isa = PBXBuildFile; fileRef = 2C45A53F2A76A7A50023B3A8 /* FilterViewController.swift */; };
		2C45A5432A771A050023B3A8 /* ChecklistCell.swift in Sources */ = {isa = PBXBuildFile; fileRef = 2C45A5422A771A050023B3A8 /* ChecklistCell.swift */; };
		2C7F39F42A7BF09800F575F7 /* GameModesHeaderView.swift in Sources */ = {isa = PBXBuildFile; fileRef = 2C7F39F32A7BF09800F575F7 /* GameModesHeaderView.swift */; };
		2C7F39F62A7BF0BF00F575F7 /* GameModesTableViewCell.swift in Sources */ = {isa = PBXBuildFile; fileRef = 2C7F39F52A7BF0BF00F575F7 /* GameModesTableViewCell.swift */; };
		2CA95FEC2A83C8FA0039343E /* cheats_GTA5.json in Resources */ = {isa = PBXBuildFile; fileRef = 2CA95FE82A83C8FA0039343E /* cheats_GTA5.json */; };
		2CA95FED2A83C8FA0039343E /* cheats_GTA6.json in Resources */ = {isa = PBXBuildFile; fileRef = 2CA95FE92A83C8FA0039343E /* cheats_GTA6.json */; };
		2CA95FEE2A83C8FA0039343E /* cheats_GTA-SA.json in Resources */ = {isa = PBXBuildFile; fileRef = 2CA95FEA2A83C8FA0039343E /* cheats_GTA-SA.json */; };
		2CA95FEF2A83C8FA0039343E /* cheats_GTA-VC.json in Resources */ = {isa = PBXBuildFile; fileRef = 2CA95FEB2A83C8FA0039343E /* cheats_GTA-VC.json */; };
		2CA95FF12A83E77A0039343E /* MainObject.swift in Sources */ = {isa = PBXBuildFile; fileRef = 2CA95FF02A83E77A0039343E /* MainObject.swift */; };
		2CA95FF32A83E8450039343E /* CheatsObject.swift in Sources */ = {isa = PBXBuildFile; fileRef = 2CA95FF22A83E8450039343E /* CheatsObject.swift */; };
		2CA95FF52A83EACF0039343E /* CheatManager.swift in Sources */ = {isa = PBXBuildFile; fileRef = 2CA95FF42A83EACF0039343E /* CheatManager.swift */; };
		2CBF47222A79151300A50257 /* LaunchScreen.storyboard in Resources */ = {isa = PBXBuildFile; fileRef = 2C2A205B2A7170E3002A6D3C /* LaunchScreen.storyboard */; };
		2CBF47242A79153200A50257 /* Assets.xcassets in Resources */ = {isa = PBXBuildFile; fileRef = 2C2A20592A7170E3002A6D3C /* Assets.xcassets */; };
		2CBFE4552A77E28400A50257 /* FilterTableViewCell.swift in Sources */ = {isa = PBXBuildFile; fileRef = 2CBFE4542A77E28400A50257 /* FilterTableViewCell.swift */; };
		2CBFE4572A77E38600A50257 /* PanPresentationController.swift in Sources */ = {isa = PBXBuildFile; fileRef = 2CBFE4562A77E38600A50257 /* PanPresentationController.swift */; };
		2CBFE4592A77ECA200A50257 /* PanPresentationManager.swift in Sources */ = {isa = PBXBuildFile; fileRef = 2CBFE4582A77ECA200A50257 /* PanPresentationManager.swift */; };
		2CBFE45B2A79080D00A50257 /* MapViewController.swift in Sources */ = {isa = PBXBuildFile; fileRef = 2CBFE45A2A79080D00A50257 /* MapViewController.swift */; };
		2CDEBEDE2A80F1DD00F976A3 /* SwiftyDropbox in Frameworks */ = {isa = PBXBuildFile; productRef = 2CDEBEDD2A80F1DD00F976A3 /* SwiftyDropbox */; };
		2CDEBEE12A813F8500F976A3 /* Main.json in Sources */ = {isa = PBXBuildFile; fileRef = 2CDEBEE02A813F8500F976A3 /* Main.json */; };
		2CDEBEE32A813FF800F976A3 /* GamesList.json in Sources */ = {isa = PBXBuildFile; fileRef = 2CDEBEE22A813FF800F976A3 /* GamesList.json */; };
		2CDEBEE52A81404600F976A3 /* Checklist.json in Sources */ = {isa = PBXBuildFile; fileRef = 2CDEBEE42A81404600F976A3 /* Checklist.json */; };
		2CDEBF032A82586500F976A3 /* DropBoxManager.swift in Sources */ = {isa = PBXBuildFile; fileRef = 2CDEBEF62A82586500F976A3 /* DropBoxManager.swift */; };
		2CDEBF042A82586500F976A3 /* DBConstants.swift in Sources */ = {isa = PBXBuildFile; fileRef = 2CDEBEF72A82586500F976A3 /* DBConstants.swift */; };
		2CDEBF072A82F57100F976A3 /* CustomNavigationView.swift in Sources */ = {isa = PBXBuildFile; fileRef = 2CDEBF062A82F57100F976A3 /* CustomNavigationView.swift */; };
/* End PBXBuildFile section */

/* Begin PBXFileReference section */
		2C2A204D2A7170E1002A6D3C /* GTAModes.app */ = {isa = PBXFileReference; explicitFileType = wrapper.application; includeInIndex = 0; path = GTAModes.app; sourceTree = BUILT_PRODUCTS_DIR; };
		2C2A20502A7170E1002A6D3C /* AppDelegate.swift */ = {isa = PBXFileReference; lastKnownFileType = sourcecode.swift; path = AppDelegate.swift; sourceTree = "<group>"; };
		2C2A20522A7170E1002A6D3C /* SceneDelegate.swift */ = {isa = PBXFileReference; lastKnownFileType = sourcecode.swift; path = SceneDelegate.swift; sourceTree = "<group>"; };
		2C2A20592A7170E3002A6D3C /* Assets.xcassets */ = {isa = PBXFileReference; lastKnownFileType = folder.assetcatalog; path = Assets.xcassets; sourceTree = "<group>"; };
		2C2A205E2A7170E3002A6D3C /* Info.plist */ = {isa = PBXFileReference; lastKnownFileType = text.plist.xml; path = Info.plist; sourceTree = "<group>"; };
		2C2A20672A717FA2002A6D3C /* ApplicationFlowCoordinator.swift */ = {isa = PBXFileReference; lastKnownFileType = sourcecode.swift; path = ApplicationFlowCoordinator.swift; sourceTree = "<group>"; };
		2C2A20702A7282D8002A6D3C /* ApplicationFlowAssembly.swift */ = {isa = PBXFileReference; lastKnownFileType = sourcecode.swift; path = ApplicationFlowAssembly.swift; sourceTree = "<group>"; };
		2C2A20722A7285AA002A6D3C /* MainFlowCoordinator.swift */ = {isa = PBXFileReference; lastKnownFileType = sourcecode.swift; path = MainFlowCoordinator.swift; sourceTree = "<group>"; };
		2C2A20752A7286EC002A6D3C /* FlowCoordinator.swift */ = {isa = PBXFileReference; lastKnownFileType = sourcecode.swift; path = FlowCoordinator.swift; sourceTree = "<group>"; };
		2C2A20772A7287AA002A6D3C /* MainFlowAssembly.swift */ = {isa = PBXFileReference; lastKnownFileType = sourcecode.swift; path = MainFlowAssembly.swift; sourceTree = "<group>"; };
		2C2A207A2A729267002A6D3C /* MainViewController.swift */ = {isa = PBXFileReference; lastKnownFileType = sourcecode.swift; path = MainViewController.swift; sourceTree = "<group>"; };
		2C2A207E2A72927E002A6D3C /* MainModel.swift */ = {isa = PBXFileReference; lastKnownFileType = sourcecode.swift; path = MainModel.swift; sourceTree = "<group>"; };
		2C2A20802A729337002A6D3C /* NiblessViewController.swift */ = {isa = PBXFileReference; lastKnownFileType = sourcecode.swift; path = NiblessViewController.swift; sourceTree = "<group>"; };
		2C2A20892A72A530002A6D3C /* Realm+Utilities.swift */ = {isa = PBXFileReference; lastKnownFileType = sourcecode.swift; path = "Realm+Utilities.swift"; sourceTree = "<group>"; };
		2C2A20B62A7551E8002A6D3C /* MainTableViewCell.swift */ = {isa = PBXFileReference; lastKnownFileType = sourcecode.swift; path = MainTableViewCell.swift; sourceTree = "<group>"; };
		2C2A20B82A7556BF002A6D3C /* Reusable.swift */ = {isa = PBXFileReference; lastKnownFileType = sourcecode.swift; path = Reusable.swift; sourceTree = "<group>"; };
		2C2A20BA2A755AFA002A6D3C /* Autolayout.swift */ = {isa = PBXFileReference; lastKnownFileType = sourcecode.swift; path = Autolayout.swift; sourceTree = "<group>"; };
		2C2A20BD2A756AD4002A6D3C /* GSViewController.swift */ = {isa = PBXFileReference; lastKnownFileType = sourcecode.swift; path = GSViewController.swift; sourceTree = "<group>"; };
		2C2A20BF2A756AE0002A6D3C /* GSModel.swift */ = {isa = PBXFileReference; lastKnownFileType = sourcecode.swift; path = GSModel.swift; sourceTree = "<group>"; };
		2C45A5362A76A7550023B3A8 /* GameModesViewController.swift */ = {isa = PBXFileReference; lastKnownFileType = sourcecode.swift; path = GameModesViewController.swift; sourceTree = "<group>"; };
		2C45A5382A76A7620023B3A8 /* GameModesModel.swift */ = {isa = PBXFileReference; lastKnownFileType = sourcecode.swift; path = GameModesModel.swift; sourceTree = "<group>"; };
		2C45A53A2A76A7780023B3A8 /* ChecklistViewController.swift */ = {isa = PBXFileReference; lastKnownFileType = sourcecode.swift; path = ChecklistViewController.swift; sourceTree = "<group>"; };
		2C45A53C2A76A7800023B3A8 /* ChecklistModel.swift */ = {isa = PBXFileReference; lastKnownFileType = sourcecode.swift; path = ChecklistModel.swift; sourceTree = "<group>"; };
		2C45A53F2A76A7A50023B3A8 /* FilterViewController.swift */ = {isa = PBXFileReference; lastKnownFileType = sourcecode.swift; path = FilterViewController.swift; sourceTree = "<group>"; };
		2C45A5422A771A050023B3A8 /* ChecklistCell.swift */ = {isa = PBXFileReference; lastKnownFileType = sourcecode.swift; path = ChecklistCell.swift; sourceTree = "<group>"; };
		2C7F39F32A7BF09800F575F7 /* GameModesHeaderView.swift */ = {isa = PBXFileReference; lastKnownFileType = sourcecode.swift; path = GameModesHeaderView.swift; sourceTree = "<group>"; };
		2C7F39F52A7BF0BF00F575F7 /* GameModesTableViewCell.swift */ = {isa = PBXFileReference; lastKnownFileType = sourcecode.swift; path = GameModesTableViewCell.swift; sourceTree = "<group>"; };
		2CA95FE82A83C8FA0039343E /* cheats_GTA5.json */ = {isa = PBXFileReference; fileEncoding = 4; lastKnownFileType = text.json; path = cheats_GTA5.json; sourceTree = "<group>"; };
		2CA95FE92A83C8FA0039343E /* cheats_GTA6.json */ = {isa = PBXFileReference; fileEncoding = 4; lastKnownFileType = text.json; path = cheats_GTA6.json; sourceTree = "<group>"; };
		2CA95FEA2A83C8FA0039343E /* cheats_GTA-SA.json */ = {isa = PBXFileReference; fileEncoding = 4; lastKnownFileType = text.json; path = "cheats_GTA-SA.json"; sourceTree = "<group>"; };
		2CA95FEB2A83C8FA0039343E /* cheats_GTA-VC.json */ = {isa = PBXFileReference; fileEncoding = 4; lastKnownFileType = text.json; path = "cheats_GTA-VC.json"; sourceTree = "<group>"; };
		2CA95FF02A83E77A0039343E /* MainObject.swift */ = {isa = PBXFileReference; lastKnownFileType = sourcecode.swift; path = MainObject.swift; sourceTree = "<group>"; };
		2CA95FF22A83E8450039343E /* CheatsObject.swift */ = {isa = PBXFileReference; lastKnownFileType = sourcecode.swift; path = CheatsObject.swift; sourceTree = "<group>"; };
		2CA95FF42A83EACF0039343E /* CheatManager.swift */ = {isa = PBXFileReference; lastKnownFileType = sourcecode.swift; path = CheatManager.swift; sourceTree = "<group>"; };
		2CBFE4442A77BDD400A50257 /* Localizable.strings */ = {isa = PBXFileReference; lastKnownFileType = text.plist.strings; path = Localizable.strings; sourceTree = "<group>"; };
		2CBFE4472A77BE0200A50257 /* Base */ = {isa = PBXFileReference; lastKnownFileType = file.storyboard; name = Base; path = Base.lproj/LaunchScreen.storyboard; sourceTree = "<group>"; };
		2CBFE4492A77CEDA00A50257 /* Inter-Thin.ttf */ = {isa = PBXFileReference; lastKnownFileType = file; path = "Inter-Thin.ttf"; sourceTree = "<group>"; };
		2CBFE44A2A77CEDA00A50257 /* Inter-Black.ttf */ = {isa = PBXFileReference; lastKnownFileType = file; path = "Inter-Black.ttf"; sourceTree = "<group>"; };
		2CBFE44B2A77CEDA00A50257 /* Inter-Bold.ttf */ = {isa = PBXFileReference; lastKnownFileType = file; path = "Inter-Bold.ttf"; sourceTree = "<group>"; };
		2CBFE44C2A77CEDA00A50257 /* Inter-Regular.ttf */ = {isa = PBXFileReference; lastKnownFileType = file; path = "Inter-Regular.ttf"; sourceTree = "<group>"; };
		2CBFE44D2A77CEDA00A50257 /* Inter-ExtraBold.ttf */ = {isa = PBXFileReference; lastKnownFileType = file; path = "Inter-ExtraBold.ttf"; sourceTree = "<group>"; };
		2CBFE44E2A77CEDA00A50257 /* Inter-ExtraLight.ttf */ = {isa = PBXFileReference; lastKnownFileType = file; path = "Inter-ExtraLight.ttf"; sourceTree = "<group>"; };
		2CBFE44F2A77CEDA00A50257 /* Inter-Light.ttf */ = {isa = PBXFileReference; lastKnownFileType = file; path = "Inter-Light.ttf"; sourceTree = "<group>"; };
		2CBFE4502A77CEDA00A50257 /* Inter-Medium.ttf */ = {isa = PBXFileReference; lastKnownFileType = file; path = "Inter-Medium.ttf"; sourceTree = "<group>"; };
		2CBFE4512A77CEDA00A50257 /* Inter-SemiBold.ttf */ = {isa = PBXFileReference; lastKnownFileType = file; path = "Inter-SemiBold.ttf"; sourceTree = "<group>"; };
		2CBFE4542A77E28400A50257 /* FilterTableViewCell.swift */ = {isa = PBXFileReference; lastKnownFileType = sourcecode.swift; path = FilterTableViewCell.swift; sourceTree = "<group>"; };
		2CBFE4562A77E38600A50257 /* PanPresentationController.swift */ = {isa = PBXFileReference; lastKnownFileType = sourcecode.swift; path = PanPresentationController.swift; sourceTree = "<group>"; };
		2CBFE4582A77ECA200A50257 /* PanPresentationManager.swift */ = {isa = PBXFileReference; lastKnownFileType = sourcecode.swift; path = PanPresentationManager.swift; sourceTree = "<group>"; };
		2CBFE45A2A79080D00A50257 /* MapViewController.swift */ = {isa = PBXFileReference; lastKnownFileType = sourcecode.swift; path = MapViewController.swift; sourceTree = "<group>"; };
		2CDEBEE02A813F8500F976A3 /* Main.json */ = {isa = PBXFileReference; lastKnownFileType = text.json; path = Main.json; sourceTree = "<group>"; };
		2CDEBEE22A813FF800F976A3 /* GamesList.json */ = {isa = PBXFileReference; lastKnownFileType = text.json; path = GamesList.json; sourceTree = "<group>"; };
		2CDEBEE42A81404600F976A3 /* Checklist.json */ = {isa = PBXFileReference; lastKnownFileType = text.json; path = Checklist.json; sourceTree = "<group>"; };
		2CDEBEF62A82586500F976A3 /* DropBoxManager.swift */ = {isa = PBXFileReference; fileEncoding = 4; lastKnownFileType = sourcecode.swift; path = DropBoxManager.swift; sourceTree = "<group>"; };
		2CDEBEF72A82586500F976A3 /* DBConstants.swift */ = {isa = PBXFileReference; fileEncoding = 4; lastKnownFileType = sourcecode.swift; path = DBConstants.swift; sourceTree = "<group>"; };
		2CDEBF062A82F57100F976A3 /* CustomNavigationView.swift */ = {isa = PBXFileReference; lastKnownFileType = sourcecode.swift; path = CustomNavigationView.swift; sourceTree = "<group>"; };
/* End PBXFileReference section */

/* Begin PBXFrameworksBuildPhase section */
		2C2A204A2A7170E1002A6D3C /* Frameworks */ = {
			isa = PBXFrameworksBuildPhase;
			buildActionMask = 2147483647;
			files = (
				2C2A206F2A727E88002A6D3C /* RealmSwift in Frameworks */,
				2CDEBEDE2A80F1DD00F976A3 /* SwiftyDropbox in Frameworks */,
			);
			runOnlyForDeploymentPostprocessing = 0;
		};
/* End PBXFrameworksBuildPhase section */

/* Begin PBXGroup section */
		2C2A20442A7170E1002A6D3C = {
			isa = PBXGroup;
			children = (
				2C2A204F2A7170E1002A6D3C /* GTAModes */,
				2C2A204E2A7170E1002A6D3C /* Products */,
			);
			sourceTree = "<group>";
		};
		2C2A204E2A7170E1002A6D3C /* Products */ = {
			isa = PBXGroup;
			children = (
				2C2A204D2A7170E1002A6D3C /* GTAModes.app */,
			);
			name = Products;
			sourceTree = "<group>";
		};
		2C2A204F2A7170E1002A6D3C /* GTAModes */ = {
			isa = PBXGroup;
			children = (
				2C2A20502A7170E1002A6D3C /* AppDelegate.swift */,
				2C2A20522A7170E1002A6D3C /* SceneDelegate.swift */,
				2C2A20642A717EA4002A6D3C /* Flows */,
				2C2A20652A717EF7002A6D3C /* Services */,
				2C2A20742A7286D4002A6D3C /* Common */,
				2C2A20662A717F13002A6D3C /* Resources */,
			);
			path = GTAModes;
			sourceTree = "<group>";
		};
		2C2A20642A717EA4002A6D3C /* Flows */ = {
			isa = PBXGroup;
			children = (
				2C2A20672A717FA2002A6D3C /* ApplicationFlowCoordinator.swift */,
				2C2A20702A7282D8002A6D3C /* ApplicationFlowAssembly.swift */,
				2C2A20692A717FE9002A6D3C /* MainFlow */,
			);
			path = Flows;
			sourceTree = "<group>";
		};
		2C2A20652A717EF7002A6D3C /* Services */ = {
			isa = PBXGroup;
			children = (
				2CDEBEE82A82586500F976A3 /* DropBoxManager */,
				2C2A20862A72A3C6002A6D3C /* DataBase */,
			);
			path = Services;
			sourceTree = "<group>";
		};
		2C2A20662A717F13002A6D3C /* Resources */ = {
			isa = PBXGroup;
			children = (
				2CDEBEDF2A813F0200F976A3 /* JSON */,
				2CBFE4482A77CE6A00A50257 /* Fonts */,
				2C2A205E2A7170E3002A6D3C /* Info.plist */,
				2C2A20592A7170E3002A6D3C /* Assets.xcassets */,
				2C2A205B2A7170E3002A6D3C /* LaunchScreen.storyboard */,
				2CBFE4442A77BDD400A50257 /* Localizable.strings */,
			);
			path = Resources;
			sourceTree = "<group>";
		};
		2C2A20692A717FE9002A6D3C /* MainFlow */ = {
			isa = PBXGroup;
			children = (
				2C45A5342A76A7200023B3A8 /* Map */,
				2C45A5332A76A6880023B3A8 /* Checklist */,
				2C45A5322A76A65D0023B3A8 /* GameModes */,
				2C2A20BC2A756AB3002A6D3C /* GameSelection */,
				2C2A20792A72907B002A6D3C /* MainView */,
				2C2A20722A7285AA002A6D3C /* MainFlowCoordinator.swift */,
				2C2A20772A7287AA002A6D3C /* MainFlowAssembly.swift */,
			);
			path = MainFlow;
			sourceTree = "<group>";
		};
		2C2A20742A7286D4002A6D3C /* Common */ = {
			isa = PBXGroup;
			children = (
				2C2A20B32A755153002A6D3C /* UI */,
				2C2A20752A7286EC002A6D3C /* FlowCoordinator.swift */,
				2C2A20802A729337002A6D3C /* NiblessViewController.swift */,
				2C2A20BA2A755AFA002A6D3C /* Autolayout.swift */,
				2C2A20B82A7556BF002A6D3C /* Reusable.swift */,
				2CBFE4562A77E38600A50257 /* PanPresentationController.swift */,
				2CBFE4582A77ECA200A50257 /* PanPresentationManager.swift */,
			);
			path = Common;
			sourceTree = "<group>";
		};
		2C2A20792A72907B002A6D3C /* MainView */ = {
			isa = PBXGroup;
			children = (
				2C2A207A2A729267002A6D3C /* MainViewController.swift */,
				2C2A207E2A72927E002A6D3C /* MainModel.swift */,
			);
			path = MainView;
			sourceTree = "<group>";
		};
		2C2A20862A72A3C6002A6D3C /* DataBase */ = {
			isa = PBXGroup;
			children = (
				2C2A20892A72A530002A6D3C /* Realm+Utilities.swift */,
			);
			path = DataBase;
			sourceTree = "<group>";
		};
		2C2A20B32A755153002A6D3C /* UI */ = {
			isa = PBXGroup;
			children = (
				2CDEBF052A82F55400F976A3 /* CustomNavigation */,
				2C45A53E2A76A78D0023B3A8 /* Filters */,
				2C2A20B42A755158002A6D3C /* Cells */,
			);
			path = UI;
			sourceTree = "<group>";
		};
		2C2A20B42A755158002A6D3C /* Cells */ = {
			isa = PBXGroup;
			children = (
				2C2A20B52A7551B4002A6D3C /* MainTableViewCell */,
			);
			path = Cells;
			sourceTree = "<group>";
		};
		2C2A20B52A7551B4002A6D3C /* MainTableViewCell */ = {
			isa = PBXGroup;
			children = (
				2C2A20B62A7551E8002A6D3C /* MainTableViewCell.swift */,
			);
			path = MainTableViewCell;
			sourceTree = "<group>";
		};
		2C2A20BC2A756AB3002A6D3C /* GameSelection */ = {
			isa = PBXGroup;
			children = (
				2C2A20BD2A756AD4002A6D3C /* GSViewController.swift */,
				2C2A20BF2A756AE0002A6D3C /* GSModel.swift */,
			);
			path = GameSelection;
			sourceTree = "<group>";
		};
		2C45A5322A76A65D0023B3A8 /* GameModes */ = {
			isa = PBXGroup;
			children = (
				2C7F39F02A7BF05D00F575F7 /* Views */,
				2C45A5362A76A7550023B3A8 /* GameModesViewController.swift */,
				2C45A5382A76A7620023B3A8 /* GameModesModel.swift */,
			);
			path = GameModes;
			sourceTree = "<group>";
		};
		2C45A5332A76A6880023B3A8 /* Checklist */ = {
			isa = PBXGroup;
			children = (
				2C45A5412A7719ED0023B3A8 /* Cell */,
				2C45A53A2A76A7780023B3A8 /* ChecklistViewController.swift */,
				2C45A53C2A76A7800023B3A8 /* ChecklistModel.swift */,
			);
			path = Checklist;
			sourceTree = "<group>";
		};
		2C45A5342A76A7200023B3A8 /* Map */ = {
			isa = PBXGroup;
			children = (
				2CBFE45A2A79080D00A50257 /* MapViewController.swift */,
			);
			path = Map;
			sourceTree = "<group>";
		};
		2C45A53E2A76A78D0023B3A8 /* Filters */ = {
			isa = PBXGroup;
			children = (
				2C45A53F2A76A7A50023B3A8 /* FilterViewController.swift */,
				2CBFE4542A77E28400A50257 /* FilterTableViewCell.swift */,
			);
			path = Filters;
			sourceTree = "<group>";
		};
		2C45A5412A7719ED0023B3A8 /* Cell */ = {
			isa = PBXGroup;
			children = (
				2C45A5422A771A050023B3A8 /* ChecklistCell.swift */,
			);
			path = Cell;
			sourceTree = "<group>";
		};
		2C7F39F02A7BF05D00F575F7 /* Views */ = {
			isa = PBXGroup;
			children = (
				2C7F39F22A7BF07200F575F7 /* Header */,
				2C7F39F12A7BF06A00F575F7 /* Cell */,
			);
			path = Views;
			sourceTree = "<group>";
		};
		2C7F39F12A7BF06A00F575F7 /* Cell */ = {
			isa = PBXGroup;
			children = (
				2C7F39F52A7BF0BF00F575F7 /* GameModesTableViewCell.swift */,
			);
			path = Cell;
			sourceTree = "<group>";
		};
		2C7F39F22A7BF07200F575F7 /* Header */ = {
			isa = PBXGroup;
			children = (
				2C7F39F32A7BF09800F575F7 /* GameModesHeaderView.swift */,
			);
			path = Header;
			sourceTree = "<group>";
		};
		2CBFE4482A77CE6A00A50257 /* Fonts */ = {
			isa = PBXGroup;
			children = (
				2CBFE44A2A77CEDA00A50257 /* Inter-Black.ttf */,
				2CBFE44B2A77CEDA00A50257 /* Inter-Bold.ttf */,
				2CBFE44D2A77CEDA00A50257 /* Inter-ExtraBold.ttf */,
				2CBFE44E2A77CEDA00A50257 /* Inter-ExtraLight.ttf */,
				2CBFE44F2A77CEDA00A50257 /* Inter-Light.ttf */,
				2CBFE4502A77CEDA00A50257 /* Inter-Medium.ttf */,
				2CBFE44C2A77CEDA00A50257 /* Inter-Regular.ttf */,
				2CBFE4512A77CEDA00A50257 /* Inter-SemiBold.ttf */,
				2CBFE4492A77CEDA00A50257 /* Inter-Thin.ttf */,
			);
			path = Fonts;
			sourceTree = "<group>";
		};
		2CDEBEDF2A813F0200F976A3 /* JSON */ = {
			isa = PBXGroup;
			children = (
				2CA95FEA2A83C8FA0039343E /* cheats_GTA-SA.json */,
				2CA95FEB2A83C8FA0039343E /* cheats_GTA-VC.json */,
				2CA95FE82A83C8FA0039343E /* cheats_GTA5.json */,
				2CA95FE92A83C8FA0039343E /* cheats_GTA6.json */,
				2CDEBEE02A813F8500F976A3 /* Main.json */,
				2CDEBEE22A813FF800F976A3 /* GamesList.json */,
				2CDEBEE42A81404600F976A3 /* Checklist.json */,
			);
			path = JSON;
			sourceTree = "<group>";
		};
		2CDEBEE82A82586500F976A3 /* DropBoxManager */ = {
			isa = PBXGroup;
			children = (
				2CDEBEE92A82586500F976A3 /* Models */,
				2CDEBEF62A82586500F976A3 /* DropBoxManager.swift */,
				2CDEBEF72A82586500F976A3 /* DBConstants.swift */,
				2CA95FF42A83EACF0039343E /* CheatManager.swift */,
			);
			path = DropBoxManager;
			sourceTree = "<group>";
		};
		2CDEBEE92A82586500F976A3 /* Models */ = {
			isa = PBXGroup;
			children = (
				2CA95FF02A83E77A0039343E /* MainObject.swift */,
				2CA95FF22A83E8450039343E /* CheatsObject.swift */,
			);
			path = Models;
			sourceTree = "<group>";
		};
		2CDEBF052A82F55400F976A3 /* CustomNavigation */ = {
			isa = PBXGroup;
			children = (
				2CDEBF062A82F57100F976A3 /* CustomNavigationView.swift */,
			);
			path = CustomNavigation;
			sourceTree = "<group>";
		};
/* End PBXGroup section */

/* Begin PBXNativeTarget section */
		2C2A204C2A7170E1002A6D3C /* GTAModes */ = {
			isa = PBXNativeTarget;
			buildConfigurationList = 2C2A20612A7170E3002A6D3C /* Build configuration list for PBXNativeTarget "GTAModes" */;
			buildPhases = (
				2C2A20492A7170E1002A6D3C /* Sources */,
				2C2A204A2A7170E1002A6D3C /* Frameworks */,
				2C2A204B2A7170E1002A6D3C /* Resources */,
			);
			buildRules = (
			);
			dependencies = (
			);
			name = GTAModes;
			packageProductDependencies = (
				2C2A206E2A727E88002A6D3C /* RealmSwift */,
				2CDEBEDD2A80F1DD00F976A3 /* SwiftyDropbox */,
			);
			productName = "GTA Modes";
			productReference = 2C2A204D2A7170E1002A6D3C /* GTAModes.app */;
			productType = "com.apple.product-type.application";
		};
/* End PBXNativeTarget section */

/* Begin PBXProject section */
		2C2A20452A7170E1002A6D3C /* Project object */ = {
			isa = PBXProject;
			attributes = {
				BuildIndependentTargetsInParallel = 1;
				LastSwiftUpdateCheck = 1430;
				LastUpgradeCheck = 1430;
				TargetAttributes = {
					2C2A204C2A7170E1002A6D3C = {
						CreatedOnToolsVersion = 14.3.1;
					};
				};
			};
			buildConfigurationList = 2C2A20482A7170E1002A6D3C /* Build configuration list for PBXProject "GTAModes" */;
			compatibilityVersion = "Xcode 14.0";
			developmentRegion = en;
			hasScannedForEncodings = 0;
			knownRegions = (
				en,
				Base,
			);
			mainGroup = 2C2A20442A7170E1002A6D3C;
			packageReferences = (
				2C2A206D2A727E88002A6D3C /* XCRemoteSwiftPackageReference "realm-swift" */,
				2CDEBEDC2A80F1DD00F976A3 /* XCRemoteSwiftPackageReference "SwiftyDropbox" */,
			);
			productRefGroup = 2C2A204E2A7170E1002A6D3C /* Products */;
			projectDirPath = "";
			projectRoot = "";
			targets = (
				2C2A204C2A7170E1002A6D3C /* GTAModes */,
			);
		};
/* End PBXProject section */

/* Begin PBXResourcesBuildPhase section */
		2C2A204B2A7170E1002A6D3C /* Resources */ = {
			isa = PBXResourcesBuildPhase;
			buildActionMask = 2147483647;
			files = (
				2C3C53292A7BB01F00D019A1 /* Inter-Regular.ttf in Resources */,
				2CA95FED2A83C8FA0039343E /* cheats_GTA6.json in Resources */,
				2C3C53282A7BB01300D019A1 /* Inter-Bold.ttf in Resources */,
				2CA95FEF2A83C8FA0039343E /* cheats_GTA-VC.json in Resources */,
				2CBF47242A79153200A50257 /* Assets.xcassets in Resources */,
				2CA95FEC2A83C8FA0039343E /* cheats_GTA5.json in Resources */,
				2CA95FEE2A83C8FA0039343E /* cheats_GTA-SA.json in Resources */,
				2CBF47222A79151300A50257 /* LaunchScreen.storyboard in Resources */,
			);
			runOnlyForDeploymentPostprocessing = 0;
		};
/* End PBXResourcesBuildPhase section */

/* Begin PBXSourcesBuildPhase section */
		2C2A20492A7170E1002A6D3C /* Sources */ = {
			isa = PBXSourcesBuildPhase;
			buildActionMask = 2147483647;
			files = (
				2CBFE4552A77E28400A50257 /* FilterTableViewCell.swift in Sources */,
				2C45A5402A76A7A50023B3A8 /* FilterViewController.swift in Sources */,
				2C45A5392A76A7620023B3A8 /* GameModesModel.swift in Sources */,
				2C2A20B72A7551E8002A6D3C /* MainTableViewCell.swift in Sources */,
				2C2A20712A7282D8002A6D3C /* ApplicationFlowAssembly.swift in Sources */,
				2CDEBEE32A813FF800F976A3 /* GamesList.json in Sources */,
				2C45A5432A771A050023B3A8 /* ChecklistCell.swift in Sources */,
				2CDEBEE12A813F8500F976A3 /* Main.json in Sources */,
				2C2A20682A717FA2002A6D3C /* ApplicationFlowCoordinator.swift in Sources */,
				2CDEBEE52A81404600F976A3 /* Checklist.json in Sources */,
				2C45A5372A76A7550023B3A8 /* GameModesViewController.swift in Sources */,
				2C2A20782A7287AA002A6D3C /* MainFlowAssembly.swift in Sources */,
				2CDEBF072A82F57100F976A3 /* CustomNavigationView.swift in Sources */,
				2CDEBF042A82586500F976A3 /* DBConstants.swift in Sources */,
				2C45A53D2A76A7800023B3A8 /* ChecklistModel.swift in Sources */,
				2C7F39F42A7BF09800F575F7 /* GameModesHeaderView.swift in Sources */,
				2C2A20762A7286EC002A6D3C /* FlowCoordinator.swift in Sources */,
				2C2A20512A7170E1002A6D3C /* AppDelegate.swift in Sources */,
				2C2A20B92A7556BF002A6D3C /* Reusable.swift in Sources */,
				2C2A20732A7285AA002A6D3C /* MainFlowCoordinator.swift in Sources */,
				2C2A20532A7170E1002A6D3C /* SceneDelegate.swift in Sources */,
				2CA95FF32A83E8450039343E /* CheatsObject.swift in Sources */,
				2C2A208A2A72A530002A6D3C /* Realm+Utilities.swift in Sources */,
				2C7F39F62A7BF0BF00F575F7 /* GameModesTableViewCell.swift in Sources */,
				2C2A20BE2A756AD4002A6D3C /* GSViewController.swift in Sources */,
				2CA95FF12A83E77A0039343E /* MainObject.swift in Sources */,
				2CBFE4572A77E38600A50257 /* PanPresentationController.swift in Sources */,
				2C45A53B2A76A7780023B3A8 /* ChecklistViewController.swift in Sources */,
				2CBFE45B2A79080D00A50257 /* MapViewController.swift in Sources */,
				2C2A20812A729337002A6D3C /* NiblessViewController.swift in Sources */,
				2C2A20BB2A755AFA002A6D3C /* Autolayout.swift in Sources */,
				2CBFE4592A77ECA200A50257 /* PanPresentationManager.swift in Sources */,
				2CDEBF032A82586500F976A3 /* DropBoxManager.swift in Sources */,
				2CA95FF52A83EACF0039343E /* CheatManager.swift in Sources */,
				2C2A207B2A729267002A6D3C /* MainViewController.swift in Sources */,
				2C2A20C02A756AE0002A6D3C /* GSModel.swift in Sources */,
				2C2A207F2A72927E002A6D3C /* MainModel.swift in Sources */,
			);
			runOnlyForDeploymentPostprocessing = 0;
		};
/* End PBXSourcesBuildPhase section */

/* Begin PBXVariantGroup section */
		2C2A205B2A7170E3002A6D3C /* LaunchScreen.storyboard */ = {
			isa = PBXVariantGroup;
			children = (
				2CBFE4472A77BE0200A50257 /* Base */,
			);
			name = LaunchScreen.storyboard;
			sourceTree = "<group>";
		};
/* End PBXVariantGroup section */

/* Begin XCBuildConfiguration section */
		2C2A205F2A7170E3002A6D3C /* Debug */ = {
			isa = XCBuildConfiguration;
			buildSettings = {
				ALWAYS_SEARCH_USER_PATHS = NO;
				CLANG_ANALYZER_NONNULL = YES;
				CLANG_ANALYZER_NUMBER_OBJECT_CONVERSION = YES_AGGRESSIVE;
				CLANG_CXX_LANGUAGE_STANDARD = "gnu++20";
				CLANG_ENABLE_MODULES = YES;
				CLANG_ENABLE_OBJC_ARC = YES;
				CLANG_ENABLE_OBJC_WEAK = YES;
				CLANG_WARN_BLOCK_CAPTURE_AUTORELEASING = YES;
				CLANG_WARN_BOOL_CONVERSION = YES;
				CLANG_WARN_COMMA = YES;
				CLANG_WARN_CONSTANT_CONVERSION = YES;
				CLANG_WARN_DEPRECATED_OBJC_IMPLEMENTATIONS = YES;
				CLANG_WARN_DIRECT_OBJC_ISA_USAGE = YES_ERROR;
				CLANG_WARN_DOCUMENTATION_COMMENTS = YES;
				CLANG_WARN_EMPTY_BODY = YES;
				CLANG_WARN_ENUM_CONVERSION = YES;
				CLANG_WARN_INFINITE_RECURSION = YES;
				CLANG_WARN_INT_CONVERSION = YES;
				CLANG_WARN_NON_LITERAL_NULL_CONVERSION = YES;
				CLANG_WARN_OBJC_IMPLICIT_RETAIN_SELF = YES;
				CLANG_WARN_OBJC_LITERAL_CONVERSION = YES;
				CLANG_WARN_OBJC_ROOT_CLASS = YES_ERROR;
				CLANG_WARN_QUOTED_INCLUDE_IN_FRAMEWORK_HEADER = YES;
				CLANG_WARN_RANGE_LOOP_ANALYSIS = YES;
				CLANG_WARN_STRICT_PROTOTYPES = YES;
				CLANG_WARN_SUSPICIOUS_MOVE = YES;
				CLANG_WARN_UNGUARDED_AVAILABILITY = YES_AGGRESSIVE;
				CLANG_WARN_UNREACHABLE_CODE = YES;
				CLANG_WARN__DUPLICATE_METHOD_MATCH = YES;
				COPY_PHASE_STRIP = NO;
				DEBUG_INFORMATION_FORMAT = dwarf;
				ENABLE_STRICT_OBJC_MSGSEND = YES;
				ENABLE_TESTABILITY = YES;
				GCC_C_LANGUAGE_STANDARD = gnu11;
				GCC_DYNAMIC_NO_PIC = NO;
				GCC_NO_COMMON_BLOCKS = YES;
				GCC_OPTIMIZATION_LEVEL = 0;
				GCC_PREPROCESSOR_DEFINITIONS = (
					"DEBUG=1",
					"$(inherited)",
				);
				GCC_WARN_64_TO_32_BIT_CONVERSION = YES;
				GCC_WARN_ABOUT_RETURN_TYPE = YES_ERROR;
				GCC_WARN_UNDECLARED_SELECTOR = YES;
				GCC_WARN_UNINITIALIZED_AUTOS = YES_AGGRESSIVE;
				GCC_WARN_UNUSED_FUNCTION = YES;
				GCC_WARN_UNUSED_VARIABLE = YES;
				IPHONEOS_DEPLOYMENT_TARGET = 13.0;
				MTL_ENABLE_DEBUG_INFO = INCLUDE_SOURCE;
				MTL_FAST_MATH = YES;
				ONLY_ACTIVE_ARCH = YES;
				SDKROOT = iphoneos;
				SWIFT_ACTIVE_COMPILATION_CONDITIONS = DEBUG;
				SWIFT_OPTIMIZATION_LEVEL = "-Onone";
			};
			name = Debug;
		};
		2C2A20602A7170E3002A6D3C /* Release */ = {
			isa = XCBuildConfiguration;
			buildSettings = {
				ALWAYS_SEARCH_USER_PATHS = NO;
				CLANG_ANALYZER_NONNULL = YES;
				CLANG_ANALYZER_NUMBER_OBJECT_CONVERSION = YES_AGGRESSIVE;
				CLANG_CXX_LANGUAGE_STANDARD = "gnu++20";
				CLANG_ENABLE_MODULES = YES;
				CLANG_ENABLE_OBJC_ARC = YES;
				CLANG_ENABLE_OBJC_WEAK = YES;
				CLANG_WARN_BLOCK_CAPTURE_AUTORELEASING = YES;
				CLANG_WARN_BOOL_CONVERSION = YES;
				CLANG_WARN_COMMA = YES;
				CLANG_WARN_CONSTANT_CONVERSION = YES;
				CLANG_WARN_DEPRECATED_OBJC_IMPLEMENTATIONS = YES;
				CLANG_WARN_DIRECT_OBJC_ISA_USAGE = YES_ERROR;
				CLANG_WARN_DOCUMENTATION_COMMENTS = YES;
				CLANG_WARN_EMPTY_BODY = YES;
				CLANG_WARN_ENUM_CONVERSION = YES;
				CLANG_WARN_INFINITE_RECURSION = YES;
				CLANG_WARN_INT_CONVERSION = YES;
				CLANG_WARN_NON_LITERAL_NULL_CONVERSION = YES;
				CLANG_WARN_OBJC_IMPLICIT_RETAIN_SELF = YES;
				CLANG_WARN_OBJC_LITERAL_CONVERSION = YES;
				CLANG_WARN_OBJC_ROOT_CLASS = YES_ERROR;
				CLANG_WARN_QUOTED_INCLUDE_IN_FRAMEWORK_HEADER = YES;
				CLANG_WARN_RANGE_LOOP_ANALYSIS = YES;
				CLANG_WARN_STRICT_PROTOTYPES = YES;
				CLANG_WARN_SUSPICIOUS_MOVE = YES;
				CLANG_WARN_UNGUARDED_AVAILABILITY = YES_AGGRESSIVE;
				CLANG_WARN_UNREACHABLE_CODE = YES;
				CLANG_WARN__DUPLICATE_METHOD_MATCH = YES;
				COPY_PHASE_STRIP = NO;
				DEBUG_INFORMATION_FORMAT = "dwarf-with-dsym";
				ENABLE_NS_ASSERTIONS = NO;
				ENABLE_STRICT_OBJC_MSGSEND = YES;
				GCC_C_LANGUAGE_STANDARD = gnu11;
				GCC_NO_COMMON_BLOCKS = YES;
				GCC_WARN_64_TO_32_BIT_CONVERSION = YES;
				GCC_WARN_ABOUT_RETURN_TYPE = YES_ERROR;
				GCC_WARN_UNDECLARED_SELECTOR = YES;
				GCC_WARN_UNINITIALIZED_AUTOS = YES_AGGRESSIVE;
				GCC_WARN_UNUSED_FUNCTION = YES;
				GCC_WARN_UNUSED_VARIABLE = YES;
				IPHONEOS_DEPLOYMENT_TARGET = 13.0;
				MTL_ENABLE_DEBUG_INFO = NO;
				MTL_FAST_MATH = YES;
				SDKROOT = iphoneos;
				SWIFT_COMPILATION_MODE = wholemodule;
				SWIFT_OPTIMIZATION_LEVEL = "-O";
				VALIDATE_PRODUCT = YES;
			};
			name = Release;
		};
		2C2A20622A7170E3002A6D3C /* Debug */ = {
			isa = XCBuildConfiguration;
			buildSettings = {
				ASSETCATALOG_COMPILER_APPICON_NAME = AppIcon;
				ASSETCATALOG_COMPILER_GLOBAL_ACCENT_COLOR_NAME = AccentColor;
				CODE_SIGN_STYLE = Automatic;
				CURRENT_PROJECT_VERSION = 1;
				DEVELOPMENT_TEAM = X4HZT44D3Q;
				GENERATE_INFOPLIST_FILE = YES;
				INFOPLIST_FILE = GTAModes/Resources/Info.plist;
				INFOPLIST_KEY_UIApplicationSupportsIndirectInputEvents = YES;
				INFOPLIST_KEY_UILaunchStoryboardName = LaunchScreen;
				INFOPLIST_KEY_UIMainStoryboardFile = "";
				INFOPLIST_KEY_UIStatusBarStyle = UIStatusBarStyleLightContent;
				INFOPLIST_KEY_UISupportedInterfaceOrientations = UIInterfaceOrientationPortrait;
				INFOPLIST_KEY_UISupportedInterfaceOrientations_iPad = "UIInterfaceOrientationLandscapeLeft UIInterfaceOrientationLandscapeRight UIInterfaceOrientationPortrait UIInterfaceOrientationPortraitUpsideDown";
				INFOPLIST_KEY_UIUserInterfaceStyle = Light;
				IPHONEOS_DEPLOYMENT_TARGET = 13.0;
				LD_RUNPATH_SEARCH_PATHS = (
					"$(inherited)",
					"@executable_path/Frameworks",
				);
				MARKETING_VERSION = 1.0;
				PRODUCT_BUNDLE_IDENTIFIER = "gta-mode-app.GTA-Modes";
				PRODUCT_NAME = "$(TARGET_NAME)";
				SUPPORTED_PLATFORMS = "iphoneos iphonesimulator";
				SUPPORTS_MACCATALYST = NO;
				SUPPORTS_MAC_DESIGNED_FOR_IPHONE_IPAD = YES;
				SWIFT_EMIT_LOC_STRINGS = YES;
				SWIFT_VERSION = 5.0;
				TARGETED_DEVICE_FAMILY = 1;
			};
			name = Debug;
		};
		2C2A20632A7170E3002A6D3C /* Release */ = {
			isa = XCBuildConfiguration;
			buildSettings = {
				ASSETCATALOG_COMPILER_APPICON_NAME = AppIcon;
				ASSETCATALOG_COMPILER_GLOBAL_ACCENT_COLOR_NAME = AccentColor;
				CODE_SIGN_STYLE = Automatic;
				CURRENT_PROJECT_VERSION = 1;
				DEVELOPMENT_TEAM = X4HZT44D3Q;
				GENERATE_INFOPLIST_FILE = YES;
				INFOPLIST_FILE = GTAModes/Resources/Info.plist;
				INFOPLIST_KEY_UIApplicationSupportsIndirectInputEvents = YES;
				INFOPLIST_KEY_UILaunchStoryboardName = LaunchScreen;
				INFOPLIST_KEY_UIMainStoryboardFile = "";
				INFOPLIST_KEY_UIStatusBarStyle = UIStatusBarStyleLightContent;
				INFOPLIST_KEY_UISupportedInterfaceOrientations = UIInterfaceOrientationPortrait;
				INFOPLIST_KEY_UISupportedInterfaceOrientations_iPad = "UIInterfaceOrientationLandscapeLeft UIInterfaceOrientationLandscapeRight UIInterfaceOrientationPortrait UIInterfaceOrientationPortraitUpsideDown";
				INFOPLIST_KEY_UIUserInterfaceStyle = Light;
				IPHONEOS_DEPLOYMENT_TARGET = 13.0;
				LD_RUNPATH_SEARCH_PATHS = (
					"$(inherited)",
					"@executable_path/Frameworks",
				);
				MARKETING_VERSION = 1.0;
				PRODUCT_BUNDLE_IDENTIFIER = "gta-mode-app.GTA-Modes";
				PRODUCT_NAME = "$(TARGET_NAME)";
				SUPPORTED_PLATFORMS = "iphoneos iphonesimulator";
				SUPPORTS_MACCATALYST = NO;
				SUPPORTS_MAC_DESIGNED_FOR_IPHONE_IPAD = YES;
				SWIFT_EMIT_LOC_STRINGS = YES;
				SWIFT_VERSION = 5.0;
				TARGETED_DEVICE_FAMILY = 1;
			};
			name = Release;
		};
/* End XCBuildConfiguration section */

/* Begin XCConfigurationList section */
		2C2A20482A7170E1002A6D3C /* Build configuration list for PBXProject "GTAModes" */ = {
			isa = XCConfigurationList;
			buildConfigurations = (
				2C2A205F2A7170E3002A6D3C /* Debug */,
				2C2A20602A7170E3002A6D3C /* Release */,
			);
			defaultConfigurationIsVisible = 0;
			defaultConfigurationName = Release;
		};
		2C2A20612A7170E3002A6D3C /* Build configuration list for PBXNativeTarget "GTAModes" */ = {
			isa = XCConfigurationList;
			buildConfigurations = (
				2C2A20622A7170E3002A6D3C /* Debug */,
				2C2A20632A7170E3002A6D3C /* Release */,
			);
			defaultConfigurationIsVisible = 0;
			defaultConfigurationName = Release;
		};
/* End XCConfigurationList section */

/* Begin XCRemoteSwiftPackageReference section */
		2C2A206D2A727E88002A6D3C /* XCRemoteSwiftPackageReference "realm-swift" */ = {
			isa = XCRemoteSwiftPackageReference;
			repositoryURL = "https://github.com/realm/realm-swift.git";
			requirement = {
				branch = master;
				kind = branch;
			};
		};
		2CDEBEDC2A80F1DD00F976A3 /* XCRemoteSwiftPackageReference "SwiftyDropbox" */ = {
			isa = XCRemoteSwiftPackageReference;
			repositoryURL = "https://github.com/dropbox/SwiftyDropbox";
			requirement = {
				kind = upToNextMajorVersion;
				minimumVersion = 9.0.0;
			};
		};
/* End XCRemoteSwiftPackageReference section */

/* Begin XCSwiftPackageProductDependency section */
		2C2A206E2A727E88002A6D3C /* RealmSwift */ = {
			isa = XCSwiftPackageProductDependency;
			package = 2C2A206D2A727E88002A6D3C /* XCRemoteSwiftPackageReference "realm-swift" */;
			productName = RealmSwift;
		};
		2CDEBEDD2A80F1DD00F976A3 /* SwiftyDropbox */ = {
			isa = XCSwiftPackageProductDependency;
			package = 2CDEBEDC2A80F1DD00F976A3 /* XCRemoteSwiftPackageReference "SwiftyDropbox" */;
			productName = SwiftyDropbox;
		};
/* End XCSwiftPackageProductDependency section */
	};
	rootObject = 2C2A20452A7170E1002A6D3C /* Project object */;
}
