// !$*UTF8*$!
{
	archiveVersion = 1;
	classes = {
	};
	objectVersion = 56;
	objects = {

/* Begin PBXBuildFile section */
		2C2A20512A7170E1002A6D3C /* AppDelegate.swift in Sources */ = {isa = PBXBuildFile; fileRef = 2C2A20502A7170E1002A6D3C /* AppDelegate.swift */; };
		2C2A20532A7170E1002A6D3C /* SceneDelegate.swift in Sources */ = {isa = PBXBuildFile; fileRef = 2C2A20522A7170E1002A6D3C /* SceneDelegate.swift */; };
		2C2A205A2A7170E3002A6D3C /* Assets.xcassets in Resources */ = {isa = PBXBuildFile; fileRef = 2C2A20592A7170E3002A6D3C /* Assets.xcassets */; };
		2C2A205D2A7170E3002A6D3C /* LaunchScreen.storyboard in Resources */ = {isa = PBXBuildFile; fileRef = 2C2A205B2A7170E3002A6D3C /* LaunchScreen.storyboard */; };
		2C2A20682A717FA2002A6D3C /* ApplicationFlowCoordinator.swift in Sources */ = {isa = PBXBuildFile; fileRef = 2C2A20672A717FA2002A6D3C /* ApplicationFlowCoordinator.swift */; };
		2C2A206C2A727DEB002A6D3C /* Swinject in Frameworks */ = {isa = PBXBuildFile; productRef = 2C2A206B2A727DEB002A6D3C /* Swinject */; };
		2C2A206F2A727E88002A6D3C /* RealmSwift in Frameworks */ = {isa = PBXBuildFile; productRef = 2C2A206E2A727E88002A6D3C /* RealmSwift */; };
		2C2A20712A7282D8002A6D3C /* ApplicationFlowAssembly.swift in Sources */ = {isa = PBXBuildFile; fileRef = 2C2A20702A7282D8002A6D3C /* ApplicationFlowAssembly.swift */; };
		2C2A20732A7285AA002A6D3C /* MainFlowCoordinator.swift in Sources */ = {isa = PBXBuildFile; fileRef = 2C2A20722A7285AA002A6D3C /* MainFlowCoordinator.swift */; };
		2C2A20762A7286EC002A6D3C /* FlowCoordinator.swift in Sources */ = {isa = PBXBuildFile; fileRef = 2C2A20752A7286EC002A6D3C /* FlowCoordinator.swift */; };
		2C2A20782A7287AA002A6D3C /* MainFlowAssembly.swift in Sources */ = {isa = PBXBuildFile; fileRef = 2C2A20772A7287AA002A6D3C /* MainFlowAssembly.swift */; };
		2C2A207B2A729267002A6D3C /* MainViewController.swift in Sources */ = {isa = PBXBuildFile; fileRef = 2C2A207A2A729267002A6D3C /* MainViewController.swift */; };
		2C2A207F2A72927E002A6D3C /* MainModel.swift in Sources */ = {isa = PBXBuildFile; fileRef = 2C2A207E2A72927E002A6D3C /* MainModel.swift */; };
		2C2A20812A729337002A6D3C /* NiblessViewController.swift in Sources */ = {isa = PBXBuildFile; fileRef = 2C2A20802A729337002A6D3C /* NiblessViewController.swift */; };
		2C2A208A2A72A530002A6D3C /* Realm+Utilities.swift in Sources */ = {isa = PBXBuildFile; fileRef = 2C2A20892A72A530002A6D3C /* Realm+Utilities.swift */; };
		2C2A20912A72A8A9002A6D3C /* KeychainAccess in Frameworks */ = {isa = PBXBuildFile; productRef = 2C2A20902A72A8A9002A6D3C /* KeychainAccess */; };
		2C2A20B72A7551E8002A6D3C /* MainTableViewCell.swift in Sources */ = {isa = PBXBuildFile; fileRef = 2C2A20B62A7551E8002A6D3C /* MainTableViewCell.swift */; };
		2C2A20B92A7556BF002A6D3C /* Reusable.swift in Sources */ = {isa = PBXBuildFile; fileRef = 2C2A20B82A7556BF002A6D3C /* Reusable.swift */; };
		2C2A20BB2A755AFA002A6D3C /* Autolayout.swift in Sources */ = {isa = PBXBuildFile; fileRef = 2C2A20BA2A755AFA002A6D3C /* Autolayout.swift */; };
		2C2A20BE2A756AD4002A6D3C /* GSViewController.swift in Sources */ = {isa = PBXBuildFile; fileRef = 2C2A20BD2A756AD4002A6D3C /* GSViewController.swift */; };
		2C2A20C02A756AE0002A6D3C /* GSModel.swift in Sources */ = {isa = PBXBuildFile; fileRef = 2C2A20BF2A756AE0002A6D3C /* GSModel.swift */; };
		2C45A5372A76A7550023B3A8 /* GameModesViewController.swift in Sources */ = {isa = PBXBuildFile; fileRef = 2C45A5362A76A7550023B3A8 /* GameModesViewController.swift */; };
		2C45A5392A76A7620023B3A8 /* GameModesModel.swift in Sources */ = {isa = PBXBuildFile; fileRef = 2C45A5382A76A7620023B3A8 /* GameModesModel.swift */; };
		2C45A53B2A76A7780023B3A8 /* ChecklistViewController.swift in Sources */ = {isa = PBXBuildFile; fileRef = 2C45A53A2A76A7780023B3A8 /* ChecklistViewController.swift */; };
		2C45A53D2A76A7800023B3A8 /* ChecklistModel.swift in Sources */ = {isa = PBXBuildFile; fileRef = 2C45A53C2A76A7800023B3A8 /* ChecklistModel.swift */; };
		2C45A5402A76A7A50023B3A8 /* FilterViewController.swift in Sources */ = {isa = PBXBuildFile; fileRef = 2C45A53F2A76A7A50023B3A8 /* FilterViewController.swift */; };
		2C45A5432A771A050023B3A8 /* ChecklistCell.swift in Sources */ = {isa = PBXBuildFile; fileRef = 2C45A5422A771A050023B3A8 /* ChecklistCell.swift */; };
/* End PBXBuildFile section */

/* Begin PBXFileReference section */
		2C2A204D2A7170E1002A6D3C /* GTAModes.app */ = {isa = PBXFileReference; explicitFileType = wrapper.application; includeInIndex = 0; path = GTAModes.app; sourceTree = BUILT_PRODUCTS_DIR; };
		2C2A20502A7170E1002A6D3C /* AppDelegate.swift */ = {isa = PBXFileReference; lastKnownFileType = sourcecode.swift; path = AppDelegate.swift; sourceTree = "<group>"; };
		2C2A20522A7170E1002A6D3C /* SceneDelegate.swift */ = {isa = PBXFileReference; lastKnownFileType = sourcecode.swift; path = SceneDelegate.swift; sourceTree = "<group>"; };
		2C2A20592A7170E3002A6D3C /* Assets.xcassets */ = {isa = PBXFileReference; lastKnownFileType = folder.assetcatalog; path = Assets.xcassets; sourceTree = "<group>"; };
		2C2A205C2A7170E3002A6D3C /* Base */ = {isa = PBXFileReference; lastKnownFileType = file.storyboard; name = Base; path = Base.lproj/LaunchScreen.storyboard; sourceTree = "<group>"; };
		2C2A205E2A7170E3002A6D3C /* Info.plist */ = {isa = PBXFileReference; lastKnownFileType = text.plist.xml; path = Info.plist; sourceTree = "<group>"; };
		2C2A20672A717FA2002A6D3C /* ApplicationFlowCoordinator.swift */ = {isa = PBXFileReference; lastKnownFileType = sourcecode.swift; path = ApplicationFlowCoordinator.swift; sourceTree = "<group>"; };
		2C2A20702A7282D8002A6D3C /* ApplicationFlowAssembly.swift */ = {isa = PBXFileReference; lastKnownFileType = sourcecode.swift; path = ApplicationFlowAssembly.swift; sourceTree = "<group>"; };
		2C2A20722A7285AA002A6D3C /* MainFlowCoordinator.swift */ = {isa = PBXFileReference; lastKnownFileType = sourcecode.swift; path = MainFlowCoordinator.swift; sourceTree = "<group>"; };
		2C2A20752A7286EC002A6D3C /* FlowCoordinator.swift */ = {isa = PBXFileReference; lastKnownFileType = sourcecode.swift; path = FlowCoordinator.swift; sourceTree = "<group>"; };
		2C2A20772A7287AA002A6D3C /* MainFlowAssembly.swift */ = {isa = PBXFileReference; lastKnownFileType = sourcecode.swift; path = MainFlowAssembly.swift; sourceTree = "<group>"; };
		2C2A207A2A729267002A6D3C /* MainViewController.swift */ = {isa = PBXFileReference; lastKnownFileType = sourcecode.swift; path = MainViewController.swift; sourceTree = "<group>"; };
		2C2A207E2A72927E002A6D3C /* MainModel.swift */ = {isa = PBXFileReference; lastKnownFileType = sourcecode.swift; path = MainModel.swift; sourceTree = "<group>"; };
		2C2A20802A729337002A6D3C /* NiblessViewController.swift */ = {isa = PBXFileReference; lastKnownFileType = sourcecode.swift; path = NiblessViewController.swift; sourceTree = "<group>"; };
		2C2A20892A72A530002A6D3C /* Realm+Utilities.swift */ = {isa = PBXFileReference; lastKnownFileType = sourcecode.swift; path = "Realm+Utilities.swift"; sourceTree = "<group>"; };
		2C2A20B62A7551E8002A6D3C /* MainTableViewCell.swift */ = {isa = PBXFileReference; lastKnownFileType = sourcecode.swift; path = MainTableViewCell.swift; sourceTree = "<group>"; };
		2C2A20B82A7556BF002A6D3C /* Reusable.swift */ = {isa = PBXFileReference; lastKnownFileType = sourcecode.swift; path = Reusable.swift; sourceTree = "<group>"; };
		2C2A20BA2A755AFA002A6D3C /* Autolayout.swift */ = {isa = PBXFileReference; lastKnownFileType = sourcecode.swift; path = Autolayout.swift; sourceTree = "<group>"; };
		2C2A20BD2A756AD4002A6D3C /* GSViewController.swift */ = {isa = PBXFileReference; lastKnownFileType = sourcecode.swift; path = GSViewController.swift; sourceTree = "<group>"; };
		2C2A20BF2A756AE0002A6D3C /* GSModel.swift */ = {isa = PBXFileReference; lastKnownFileType = sourcecode.swift; path = GSModel.swift; sourceTree = "<group>"; };
		2C45A5362A76A7550023B3A8 /* GameModesViewController.swift */ = {isa = PBXFileReference; lastKnownFileType = sourcecode.swift; path = GameModesViewController.swift; sourceTree = "<group>"; };
		2C45A5382A76A7620023B3A8 /* GameModesModel.swift */ = {isa = PBXFileReference; lastKnownFileType = sourcecode.swift; path = GameModesModel.swift; sourceTree = "<group>"; };
		2C45A53A2A76A7780023B3A8 /* ChecklistViewController.swift */ = {isa = PBXFileReference; lastKnownFileType = sourcecode.swift; path = ChecklistViewController.swift; sourceTree = "<group>"; };
		2C45A53C2A76A7800023B3A8 /* ChecklistModel.swift */ = {isa = PBXFileReference; lastKnownFileType = sourcecode.swift; path = ChecklistModel.swift; sourceTree = "<group>"; };
		2C45A53F2A76A7A50023B3A8 /* FilterViewController.swift */ = {isa = PBXFileReference; lastKnownFileType = sourcecode.swift; path = FilterViewController.swift; sourceTree = "<group>"; };
		2C45A5422A771A050023B3A8 /* ChecklistCell.swift */ = {isa = PBXFileReference; lastKnownFileType = sourcecode.swift; path = ChecklistCell.swift; sourceTree = "<group>"; };
/* End PBXFileReference section */

/* Begin PBXFrameworksBuildPhase section */
		2C2A204A2A7170E1002A6D3C /* Frameworks */ = {
			isa = PBXFrameworksBuildPhase;
			buildActionMask = 2147483647;
			files = (
				2C2A206F2A727E88002A6D3C /* RealmSwift in Frameworks */,
				2C2A206C2A727DEB002A6D3C /* Swinject in Frameworks */,
				2C2A20912A72A8A9002A6D3C /* KeychainAccess in Frameworks */,
			);
			runOnlyForDeploymentPostprocessing = 0;
		};
/* End PBXFrameworksBuildPhase section */

/* Begin PBXGroup section */
		2C2A20442A7170E1002A6D3C = {
			isa = PBXGroup;
			children = (
				2C2A204F2A7170E1002A6D3C /* GTAModes */,
				2C2A204E2A7170E1002A6D3C /* Products */,
			);
			sourceTree = "<group>";
		};
		2C2A204E2A7170E1002A6D3C /* Products */ = {
			isa = PBXGroup;
			children = (
				2C2A204D2A7170E1002A6D3C /* GTAModes.app */,
			);
			name = Products;
			sourceTree = "<group>";
		};
		2C2A204F2A7170E1002A6D3C /* GTAModes */ = {
			isa = PBXGroup;
			children = (
				2C2A20502A7170E1002A6D3C /* AppDelegate.swift */,
				2C2A20522A7170E1002A6D3C /* SceneDelegate.swift */,
				2C2A20642A717EA4002A6D3C /* Flows */,
				2C2A20652A717EF7002A6D3C /* Services */,
				2C2A20742A7286D4002A6D3C /* Common */,
				2C2A20662A717F13002A6D3C /* Resources */,
			);
			path = GTAModes;
			sourceTree = "<group>";
		};
		2C2A20642A717EA4002A6D3C /* Flows */ = {
			isa = PBXGroup;
			children = (
				2C2A20672A717FA2002A6D3C /* ApplicationFlowCoordinator.swift */,
				2C2A20702A7282D8002A6D3C /* ApplicationFlowAssembly.swift */,
				2C2A20692A717FE9002A6D3C /* MainFlow */,
			);
			path = Flows;
			sourceTree = "<group>";
		};
		2C2A20652A717EF7002A6D3C /* Services */ = {
			isa = PBXGroup;
			children = (
				2C2A20862A72A3C6002A6D3C /* DataBase */,
			);
			path = Services;
			sourceTree = "<group>";
		};
		2C2A20662A717F13002A6D3C /* Resources */ = {
			isa = PBXGroup;
			children = (
				2C2A205E2A7170E3002A6D3C /* Info.plist */,
				2C2A20592A7170E3002A6D3C /* Assets.xcassets */,
				2C2A205B2A7170E3002A6D3C /* LaunchScreen.storyboard */,
			);
			path = Resources;
			sourceTree = "<group>";
		};
		2C2A20692A717FE9002A6D3C /* MainFlow */ = {
			isa = PBXGroup;
			children = (
				2C45A5342A76A7200023B3A8 /* Map */,
				2C45A5332A76A6880023B3A8 /* Checklist */,
				2C45A5322A76A65D0023B3A8 /* GameModes */,
				2C2A20BC2A756AB3002A6D3C /* GameSelection */,
				2C2A20792A72907B002A6D3C /* MainView */,
				2C2A20722A7285AA002A6D3C /* MainFlowCoordinator.swift */,
				2C2A20772A7287AA002A6D3C /* MainFlowAssembly.swift */,
			);
			path = MainFlow;
			sourceTree = "<group>";
		};
		2C2A20742A7286D4002A6D3C /* Common */ = {
			isa = PBXGroup;
			children = (
				2C2A20B32A755153002A6D3C /* UI */,
				2C2A20752A7286EC002A6D3C /* FlowCoordinator.swift */,
				2C2A20802A729337002A6D3C /* NiblessViewController.swift */,
				2C2A20BA2A755AFA002A6D3C /* Autolayout.swift */,
				2C2A20B82A7556BF002A6D3C /* Reusable.swift */,
			);
			path = Common;
			sourceTree = "<group>";
		};
		2C2A20792A72907B002A6D3C /* MainView */ = {
			isa = PBXGroup;
			children = (
				2C2A207A2A729267002A6D3C /* MainViewController.swift */,
				2C2A207E2A72927E002A6D3C /* MainModel.swift */,
			);
			path = MainView;
			sourceTree = "<group>";
		};
		2C2A20862A72A3C6002A6D3C /* DataBase */ = {
			isa = PBXGroup;
			children = (
				2C2A20892A72A530002A6D3C /* Realm+Utilities.swift */,
			);
			path = DataBase;
			sourceTree = "<group>";
		};
		2C2A20B32A755153002A6D3C /* UI */ = {
			isa = PBXGroup;
			children = (
				2C45A53E2A76A78D0023B3A8 /* Filters */,
				2C2A20B42A755158002A6D3C /* Cells */,
			);
			path = UI;
			sourceTree = "<group>";
		};
		2C2A20B42A755158002A6D3C /* Cells */ = {
			isa = PBXGroup;
			children = (
				2C2A20B52A7551B4002A6D3C /* MainTableViewCell */,
			);
			path = Cells;
			sourceTree = "<group>";
		};
		2C2A20B52A7551B4002A6D3C /* MainTableViewCell */ = {
			isa = PBXGroup;
			children = (
				2C2A20B62A7551E8002A6D3C /* MainTableViewCell.swift */,
			);
			path = MainTableViewCell;
			sourceTree = "<group>";
		};
		2C2A20BC2A756AB3002A6D3C /* GameSelection */ = {
			isa = PBXGroup;
			children = (
				2C2A20BD2A756AD4002A6D3C /* GSViewController.swift */,
				2C2A20BF2A756AE0002A6D3C /* GSModel.swift */,
			);
			path = GameSelection;
			sourceTree = "<group>";
		};
		2C45A5322A76A65D0023B3A8 /* GameModes */ = {
			isa = PBXGroup;
			children = (
				2C45A5362A76A7550023B3A8 /* GameModesViewController.swift */,
				2C45A5382A76A7620023B3A8 /* GameModesModel.swift */,
			);
			path = GameModes;
			sourceTree = "<group>";
		};
		2C45A5332A76A6880023B3A8 /* Checklist */ = {
			isa = PBXGroup;
			children = (
				2C45A5412A7719ED0023B3A8 /* Cell */,
				2C45A53A2A76A7780023B3A8 /* ChecklistViewController.swift */,
				2C45A53C2A76A7800023B3A8 /* ChecklistModel.swift */,
			);
			path = Checklist;
			sourceTree = "<group>";
		};
		2C45A5342A76A7200023B3A8 /* Map */ = {
			isa = PBXGroup;
			children = (
			);
			path = Map;
			sourceTree = "<group>";
		};
		2C45A53E2A76A78D0023B3A8 /* Filters */ = {
			isa = PBXGroup;
			children = (
				2C45A53F2A76A7A50023B3A8 /* FilterViewController.swift */,
			);
			path = Filters;
			sourceTree = "<group>";
		};
		2C45A5412A7719ED0023B3A8 /* Cell */ = {
			isa = PBXGroup;
			children = (
				2C45A5422A771A050023B3A8 /* ChecklistCell.swift */,
			);
			path = Cell;
			sourceTree = "<group>";
		};
/* End PBXGroup section */

/* Begin PBXNativeTarget section */
		2C2A204C2A7170E1002A6D3C /* GTAModes */ = {
			isa = PBXNativeTarget;
			buildConfigurationList = 2C2A20612A7170E3002A6D3C /* Build configuration list for PBXNativeTarget "GTAModes" */;
			buildPhases = (
				2C2A20492A7170E1002A6D3C /* Sources */,
				2C2A204A2A7170E1002A6D3C /* Frameworks */,
				2C2A204B2A7170E1002A6D3C /* Resources */,
			);
			buildRules = (
			);
			dependencies = (
			);
			name = GTAModes;
			packageProductDependencies = (
				2C2A206B2A727DEB002A6D3C /* Swinject */,
				2C2A206E2A727E88002A6D3C /* RealmSwift */,
				2C2A20902A72A8A9002A6D3C /* KeychainAccess */,
			);
			productName = "GTA Modes";
			productReference = 2C2A204D2A7170E1002A6D3C /* GTAModes.app */;
			productType = "com.apple.product-type.application";
		};
/* End PBXNativeTarget section */

/* Begin PBXProject section */
		2C2A20452A7170E1002A6D3C /* Project object */ = {
			isa = PBXProject;
			attributes = {
				BuildIndependentTargetsInParallel = 1;
				LastSwiftUpdateCheck = 1430;
				LastUpgradeCheck = 1430;
				TargetAttributes = {
					2C2A204C2A7170E1002A6D3C = {
						CreatedOnToolsVersion = 14.3.1;
					};
				};
			};
			buildConfigurationList = 2C2A20482A7170E1002A6D3C /* Build configuration list for PBXProject "GTAModes" */;
			compatibilityVersion = "Xcode 14.0";
			developmentRegion = en;
			hasScannedForEncodings = 0;
			knownRegions = (
				en,
				Base,
			);
			mainGroup = 2C2A20442A7170E1002A6D3C;
			packageReferences = (
				2C2A206A2A727DEB002A6D3C /* XCRemoteSwiftPackageReference "Swinject" */,
				2C2A206D2A727E88002A6D3C /* XCRemoteSwiftPackageReference "realm-swift" */,
				2C2A208F2A72A8A9002A6D3C /* XCRemoteSwiftPackageReference "KeychainAccess" */,
			);
			productRefGroup = 2C2A204E2A7170E1002A6D3C /* Products */;
			projectDirPath = "";
			projectRoot = "";
			targets = (
				2C2A204C2A7170E1002A6D3C /* GTAModes */,
			);
		};
/* End PBXProject section */

/* Begin PBXResourcesBuildPhase section */
		2C2A204B2A7170E1002A6D3C /* Resources */ = {
			isa = PBXResourcesBuildPhase;
			buildActionMask = 2147483647;
			files = (
				2C2A205D2A7170E3002A6D3C /* LaunchScreen.storyboard in Resources */,
				2C2A205A2A7170E3002A6D3C /* Assets.xcassets in Resources */,
			);
			runOnlyForDeploymentPostprocessing = 0;
		};
/* End PBXResourcesBuildPhase section */

/* Begin PBXSourcesBuildPhase section */
		2C2A20492A7170E1002A6D3C /* Sources */ = {
			isa = PBXSourcesBuildPhase;
			buildActionMask = 2147483647;
			files = (
				2C45A5402A76A7A50023B3A8 /* FilterViewController.swift in Sources */,
				2C45A5392A76A7620023B3A8 /* GameModesModel.swift in Sources */,
				2C2A20B72A7551E8002A6D3C /* MainTableViewCell.swift in Sources */,
				2C2A20712A7282D8002A6D3C /* ApplicationFlowAssembly.swift in Sources */,
				2C45A5432A771A050023B3A8 /* ChecklistCell.swift in Sources */,
				2C2A20682A717FA2002A6D3C /* ApplicationFlowCoordinator.swift in Sources */,
				2C45A5372A76A7550023B3A8 /* GameModesViewController.swift in Sources */,
				2C2A20782A7287AA002A6D3C /* MainFlowAssembly.swift in Sources */,
				2C45A53D2A76A7800023B3A8 /* ChecklistModel.swift in Sources */,
				2C2A20762A7286EC002A6D3C /* FlowCoordinator.swift in Sources */,
				2C2A20512A7170E1002A6D3C /* AppDelegate.swift in Sources */,
				2C2A20B92A7556BF002A6D3C /* Reusable.swift in Sources */,
				2C2A20732A7285AA002A6D3C /* MainFlowCoordinator.swift in Sources */,
				2C2A20532A7170E1002A6D3C /* SceneDelegate.swift in Sources */,
				2C2A208A2A72A530002A6D3C /* Realm+Utilities.swift in Sources */,
				2C2A20BE2A756AD4002A6D3C /* GSViewController.swift in Sources */,
				2C45A53B2A76A7780023B3A8 /* ChecklistViewController.swift in Sources */,
				2C2A20812A729337002A6D3C /* NiblessViewController.swift in Sources */,
				2C2A20BB2A755AFA002A6D3C /* Autolayout.swift in Sources */,
				2C2A207B2A729267002A6D3C /* MainViewController.swift in Sources */,
				2C2A20C02A756AE0002A6D3C /* GSModel.swift in Sources */,
				2C2A207F2A72927E002A6D3C /* MainModel.swift in Sources */,
			);
			runOnlyForDeploymentPostprocessing = 0;
		};
/* End PBXSourcesBuildPhase section */

/* Begin PBXVariantGroup section */
		2C2A205B2A7170E3002A6D3C /* LaunchScreen.storyboard */ = {
			isa = PBXVariantGroup;
			children = (
				2C2A205C2A7170E3002A6D3C /* Base */,
			);
			name = LaunchScreen.storyboard;
			sourceTree = "<group>";
		};
/* End PBXVariantGroup section */

/* Begin XCBuildConfiguration section */
		2C2A205F2A7170E3002A6D3C /* Debug */ = {
			isa = XCBuildConfiguration;
			buildSettings = {
				ALWAYS_SEARCH_USER_PATHS = NO;
				CLANG_ANALYZER_NONNULL = YES;
				CLANG_ANALYZER_NUMBER_OBJECT_CONVERSION = YES_AGGRESSIVE;
				CLANG_CXX_LANGUAGE_STANDARD = "gnu++20";
				CLANG_ENABLE_MODULES = YES;
				CLANG_ENABLE_OBJC_ARC = YES;
				CLANG_ENABLE_OBJC_WEAK = YES;
				CLANG_WARN_BLOCK_CAPTURE_AUTORELEASING = YES;
				CLANG_WARN_BOOL_CONVERSION = YES;
				CLANG_WARN_COMMA = YES;
				CLANG_WARN_CONSTANT_CONVERSION = YES;
				CLANG_WARN_DEPRECATED_OBJC_IMPLEMENTATIONS = YES;
				CLANG_WARN_DIRECT_OBJC_ISA_USAGE = YES_ERROR;
				CLANG_WARN_DOCUMENTATION_COMMENTS = YES;
				CLANG_WARN_EMPTY_BODY = YES;
				CLANG_WARN_ENUM_CONVERSION = YES;
				CLANG_WARN_INFINITE_RECURSION = YES;
				CLANG_WARN_INT_CONVERSION = YES;
				CLANG_WARN_NON_LITERAL_NULL_CONVERSION = YES;
				CLANG_WARN_OBJC_IMPLICIT_RETAIN_SELF = YES;
				CLANG_WARN_OBJC_LITERAL_CONVERSION = YES;
				CLANG_WARN_OBJC_ROOT_CLASS = YES_ERROR;
				CLANG_WARN_QUOTED_INCLUDE_IN_FRAMEWORK_HEADER = YES;
				CLANG_WARN_RANGE_LOOP_ANALYSIS = YES;
				CLANG_WARN_STRICT_PROTOTYPES = YES;
				CLANG_WARN_SUSPICIOUS_MOVE = YES;
				CLANG_WARN_UNGUARDED_AVAILABILITY = YES_AGGRESSIVE;
				CLANG_WARN_UNREACHABLE_CODE = YES;
				CLANG_WARN__DUPLICATE_METHOD_MATCH = YES;
				COPY_PHASE_STRIP = NO;
				DEBUG_INFORMATION_FORMAT = dwarf;
				ENABLE_STRICT_OBJC_MSGSEND = YES;
				ENABLE_TESTABILITY = YES;
				GCC_C_LANGUAGE_STANDARD = gnu11;
				GCC_DYNAMIC_NO_PIC = NO;
				GCC_NO_COMMON_BLOCKS = YES;
				GCC_OPTIMIZATION_LEVEL = 0;
				GCC_PREPROCESSOR_DEFINITIONS = (
					"DEBUG=1",
					"$(inherited)",
				);
				GCC_WARN_64_TO_32_BIT_CONVERSION = YES;
				GCC_WARN_ABOUT_RETURN_TYPE = YES_ERROR;
				GCC_WARN_UNDECLARED_SELECTOR = YES;
				GCC_WARN_UNINITIALIZED_AUTOS = YES_AGGRESSIVE;
				GCC_WARN_UNUSED_FUNCTION = YES;
				GCC_WARN_UNUSED_VARIABLE = YES;
				IPHONEOS_DEPLOYMENT_TARGET = 13.0;
				MTL_ENABLE_DEBUG_INFO = INCLUDE_SOURCE;
				MTL_FAST_MATH = YES;
				ONLY_ACTIVE_ARCH = YES;
				SDKROOT = iphoneos;
				SWIFT_ACTIVE_COMPILATION_CONDITIONS = DEBUG;
				SWIFT_OPTIMIZATION_LEVEL = "-Onone";
			};
			name = Debug;
		};
		2C2A20602A7170E3002A6D3C /* Release */ = {
			isa = XCBuildConfiguration;
			buildSettings = {
				ALWAYS_SEARCH_USER_PATHS = NO;
				CLANG_ANALYZER_NONNULL = YES;
				CLANG_ANALYZER_NUMBER_OBJECT_CONVERSION = YES_AGGRESSIVE;
				CLANG_CXX_LANGUAGE_STANDARD = "gnu++20";
				CLANG_ENABLE_MODULES = YES;
				CLANG_ENABLE_OBJC_ARC = YES;
				CLANG_ENABLE_OBJC_WEAK = YES;
				CLANG_WARN_BLOCK_CAPTURE_AUTORELEASING = YES;
				CLANG_WARN_BOOL_CONVERSION = YES;
				CLANG_WARN_COMMA = YES;
				CLANG_WARN_CONSTANT_CONVERSION = YES;
				CLANG_WARN_DEPRECATED_OBJC_IMPLEMENTATIONS = YES;
				CLANG_WARN_DIRECT_OBJC_ISA_USAGE = YES_ERROR;
				CLANG_WARN_DOCUMENTATION_COMMENTS = YES;
				CLANG_WARN_EMPTY_BODY = YES;
				CLANG_WARN_ENUM_CONVERSION = YES;
				CLANG_WARN_INFINITE_RECURSION = YES;
				CLANG_WARN_INT_CONVERSION = YES;
				CLANG_WARN_NON_LITERAL_NULL_CONVERSION = YES;
				CLANG_WARN_OBJC_IMPLICIT_RETAIN_SELF = YES;
				CLANG_WARN_OBJC_LITERAL_CONVERSION = YES;
				CLANG_WARN_OBJC_ROOT_CLASS = YES_ERROR;
				CLANG_WARN_QUOTED_INCLUDE_IN_FRAMEWORK_HEADER = YES;
				CLANG_WARN_RANGE_LOOP_ANALYSIS = YES;
				CLANG_WARN_STRICT_PROTOTYPES = YES;
				CLANG_WARN_SUSPICIOUS_MOVE = YES;
				CLANG_WARN_UNGUARDED_AVAILABILITY = YES_AGGRESSIVE;
				CLANG_WARN_UNREACHABLE_CODE = YES;
				CLANG_WARN__DUPLICATE_METHOD_MATCH = YES;
				COPY_PHASE_STRIP = NO;
				DEBUG_INFORMATION_FORMAT = "dwarf-with-dsym";
				ENABLE_NS_ASSERTIONS = NO;
				ENABLE_STRICT_OBJC_MSGSEND = YES;
				GCC_C_LANGUAGE_STANDARD = gnu11;
				GCC_NO_COMMON_BLOCKS = YES;
				GCC_WARN_64_TO_32_BIT_CONVERSION = YES;
				GCC_WARN_ABOUT_RETURN_TYPE = YES_ERROR;
				GCC_WARN_UNDECLARED_SELECTOR = YES;
				GCC_WARN_UNINITIALIZED_AUTOS = YES_AGGRESSIVE;
				GCC_WARN_UNUSED_FUNCTION = YES;
				GCC_WARN_UNUSED_VARIABLE = YES;
				IPHONEOS_DEPLOYMENT_TARGET = 13.0;
				MTL_ENABLE_DEBUG_INFO = NO;
				MTL_FAST_MATH = YES;
				SDKROOT = iphoneos;
				SWIFT_COMPILATION_MODE = wholemodule;
				SWIFT_OPTIMIZATION_LEVEL = "-O";
				VALIDATE_PRODUCT = YES;
			};
			name = Release;
		};
		2C2A20622A7170E3002A6D3C /* Debug */ = {
			isa = XCBuildConfiguration;
			buildSettings = {
				ASSETCATALOG_COMPILER_APPICON_NAME = AppIcon;
				ASSETCATALOG_COMPILER_GLOBAL_ACCENT_COLOR_NAME = AccentColor;
				CODE_SIGN_STYLE = Automatic;
				CURRENT_PROJECT_VERSION = 1;
				DEVELOPMENT_TEAM = 3QJ8VC6L4J;
				GENERATE_INFOPLIST_FILE = YES;
				INFOPLIST_FILE = GTAModes/Resources/Info.plist;
				INFOPLIST_KEY_UIApplicationSupportsIndirectInputEvents = YES;
				INFOPLIST_KEY_UILaunchStoryboardName = LaunchScreen;
				INFOPLIST_KEY_UIMainStoryboardFile = "";
				INFOPLIST_KEY_UISupportedInterfaceOrientations_iPad = "UIInterfaceOrientationPortrait UIInterfaceOrientationPortraitUpsideDown UIInterfaceOrientationLandscapeLeft UIInterfaceOrientationLandscapeRight";
				INFOPLIST_KEY_UISupportedInterfaceOrientations_iPhone = "UIInterfaceOrientationPortrait UIInterfaceOrientationLandscapeLeft UIInterfaceOrientationLandscapeRight";
				INFOPLIST_KEY_UIUserInterfaceStyle = Light;
				IPHONEOS_DEPLOYMENT_TARGET = 13.0;
				LD_RUNPATH_SEARCH_PATHS = (
					"$(inherited)",
					"@executable_path/Frameworks",
				);
				MARKETING_VERSION = 1.0;
				PRODUCT_BUNDLE_IDENTIFIER = "gta-mode-app.GTA-Modes";
				PRODUCT_NAME = "$(TARGET_NAME)";
				SWIFT_EMIT_LOC_STRINGS = YES;
				SWIFT_VERSION = 5.0;
				TARGETED_DEVICE_FAMILY = "1,2";
			};
			name = Debug;
		};
		2C2A20632A7170E3002A6D3C /* Release */ = {
			isa = XCBuildConfiguration;
			buildSettings = {
				ASSETCATALOG_COMPILER_APPICON_NAME = AppIcon;
				ASSETCATALOG_COMPILER_GLOBAL_ACCENT_COLOR_NAME = AccentColor;
				CODE_SIGN_STYLE = Automatic;
				CURRENT_PROJECT_VERSION = 1;
				DEVELOPMENT_TEAM = 3QJ8VC6L4J;
				GENERATE_INFOPLIST_FILE = YES;
				INFOPLIST_FILE = GTAModes/Resources/Info.plist;
				INFOPLIST_KEY_UIApplicationSupportsIndirectInputEvents = YES;
				INFOPLIST_KEY_UILaunchStoryboardName = LaunchScreen;
				INFOPLIST_KEY_UIMainStoryboardFile = "";
				INFOPLIST_KEY_UISupportedInterfaceOrientations_iPad = "UIInterfaceOrientationPortrait UIInterfaceOrientationPortraitUpsideDown UIInterfaceOrientationLandscapeLeft UIInterfaceOrientationLandscapeRight";
				INFOPLIST_KEY_UISupportedInterfaceOrientations_iPhone = "UIInterfaceOrientationPortrait UIInterfaceOrientationLandscapeLeft UIInterfaceOrientationLandscapeRight";
				INFOPLIST_KEY_UIUserInterfaceStyle = Light;
				IPHONEOS_DEPLOYMENT_TARGET = 13.0;
				LD_RUNPATH_SEARCH_PATHS = (
					"$(inherited)",
					"@executable_path/Frameworks",
				);
				MARKETING_VERSION = 1.0;
				PRODUCT_BUNDLE_IDENTIFIER = "gta-mode-app.GTA-Modes";
				PRODUCT_NAME = "$(TARGET_NAME)";
				SWIFT_EMIT_LOC_STRINGS = YES;
				SWIFT_VERSION = 5.0;
				TARGETED_DEVICE_FAMILY = "1,2";
			};
			name = Release;
		};
/* End XCBuildConfiguration section */

/* Begin XCConfigurationList section */
		2C2A20482A7170E1002A6D3C /* Build configuration list for PBXProject "GTAModes" */ = {
			isa = XCConfigurationList;
			buildConfigurations = (
				2C2A205F2A7170E3002A6D3C /* Debug */,
				2C2A20602A7170E3002A6D3C /* Release */,
			);
			defaultConfigurationIsVisible = 0;
			defaultConfigurationName = Release;
		};
		2C2A20612A7170E3002A6D3C /* Build configuration list for PBXNativeTarget "GTAModes" */ = {
			isa = XCConfigurationList;
			buildConfigurations = (
				2C2A20622A7170E3002A6D3C /* Debug */,
				2C2A20632A7170E3002A6D3C /* Release */,
			);
			defaultConfigurationIsVisible = 0;
			defaultConfigurationName = Release;
		};
/* End XCConfigurationList section */

/* Begin XCRemoteSwiftPackageReference section */
		2C2A206A2A727DEB002A6D3C /* XCRemoteSwiftPackageReference "Swinject" */ = {
			isa = XCRemoteSwiftPackageReference;
			repositoryURL = "https://github.com/Swinject/Swinject.git";
			requirement = {
				kind = upToNextMajorVersion;
				minimumVersion = 2.0.0;
			};
		};
		2C2A206D2A727E88002A6D3C /* XCRemoteSwiftPackageReference "realm-swift" */ = {
			isa = XCRemoteSwiftPackageReference;
			repositoryURL = "https://github.com/realm/realm-swift.git";
			requirement = {
				branch = master;
				kind = branch;
			};
		};
		2C2A208F2A72A8A9002A6D3C /* XCRemoteSwiftPackageReference "KeychainAccess" */ = {
			isa = XCRemoteSwiftPackageReference;
			repositoryURL = "https://github.com/kishikawakatsumi/KeychainAccess";
			requirement = {
				branch = master;
				kind = branch;
			};
		};
/* End XCRemoteSwiftPackageReference section */

/* Begin XCSwiftPackageProductDependency section */
		2C2A206B2A727DEB002A6D3C /* Swinject */ = {
			isa = XCSwiftPackageProductDependency;
			package = 2C2A206A2A727DEB002A6D3C /* XCRemoteSwiftPackageReference "Swinject" */;
			productName = Swinject;
		};
		2C2A206E2A727E88002A6D3C /* RealmSwift */ = {
			isa = XCSwiftPackageProductDependency;
			package = 2C2A206D2A727E88002A6D3C /* XCRemoteSwiftPackageReference "realm-swift" */;
			productName = RealmSwift;
		};
		2C2A20902A72A8A9002A6D3C /* KeychainAccess */ = {
			isa = XCSwiftPackageProductDependency;
			package = 2C2A208F2A72A8A9002A6D3C /* XCRemoteSwiftPackageReference "KeychainAccess" */;
			productName = KeychainAccess;
		};
/* End XCSwiftPackageProductDependency section */
	};
	rootObject = 2C2A20452A7170E1002A6D3C /* Project object */;
}
