// !$*UTF8*$!
{
	archiveVersion = 1;
	classes = {
	};
	objectVersion = 56;
	objects = {

/* Begin PBXBuildFile section */
		2C0DC3772A8FADF800A03F44 /* Pushwoosh in Frameworks */ = {isa = PBXBuildFile; productRef = 2C0DC3762A8FADF800A03F44 /* Pushwoosh */; };
		2C1CA42D2A8E70B200C89F79 /* GTA_ServicesManager.swift in Sources */ = {isa = PBXBuildFile; fileRef = 2C1CA3B02A8E70B200C89F79 /* GTA_ServicesManager.swift */; };
		2C1CA4712A8E714F00C89F79 /* GTA_Configurations.swift in Sources */ = {isa = PBXBuildFile; fileRef = 2C1CA4702A8E714F00C89F79 /* GTA_Configurations.swift */; };
		2C1CA4742A8E720B00C89F79 /* StoreKit.framework in Frameworks */ = {isa = PBXBuildFile; fileRef = 2C1CA4732A8E720A00C89F79 /* StoreKit.framework */; };
		2C2A20512A7170E1002A6D3C /* GTA_AppDelegate.swift in Sources */ = {isa = PBXBuildFile; fileRef = 2C2A20502A7170E1002A6D3C /* GTA_AppDelegate.swift */; };
		2C2A20532A7170E1002A6D3C /* SceneDelegate.swift in Sources */ = {isa = PBXBuildFile; fileRef = 2C2A20522A7170E1002A6D3C /* SceneDelegate.swift */; };
		2C2A206F2A727E88002A6D3C /* RealmSwift in Frameworks */ = {isa = PBXBuildFile; productRef = 2C2A206E2A727E88002A6D3C /* RealmSwift */; };
		2C2A20732A7285AA002A6D3C /* GTAModes_MainFlowCoordinator.swift in Sources */ = {isa = PBXBuildFile; fileRef = 2C2A20722A7285AA002A6D3C /* GTAModes_MainFlowCoordinator.swift */; };
		2C2A20762A7286EC002A6D3C /* GTAModes_FlowCoordinator.swift in Sources */ = {isa = PBXBuildFile; fileRef = 2C2A20752A7286EC002A6D3C /* GTAModes_FlowCoordinator.swift */; };
		2C2A207B2A729267002A6D3C /* GTAModes_MainViewController.swift in Sources */ = {isa = PBXBuildFile; fileRef = 2C2A207A2A729267002A6D3C /* GTAModes_MainViewController.swift */; };
		2C2A207F2A72927E002A6D3C /* GTAModes_MainModel.swift in Sources */ = {isa = PBXBuildFile; fileRef = 2C2A207E2A72927E002A6D3C /* GTAModes_MainModel.swift */; };
		2C2A20812A729337002A6D3C /* GTAModes_NiblessViewController.swift in Sources */ = {isa = PBXBuildFile; fileRef = 2C2A20802A729337002A6D3C /* GTAModes_NiblessViewController.swift */; };
		2C2A20B72A7551E8002A6D3C /* GTAModes_MainTableViewCell.swift in Sources */ = {isa = PBXBuildFile; fileRef = 2C2A20B62A7551E8002A6D3C /* GTAModes_MainTableViewCell.swift */; };
		2C2A20B92A7556BF002A6D3C /* GTAModes_Reusable.swift in Sources */ = {isa = PBXBuildFile; fileRef = 2C2A20B82A7556BF002A6D3C /* GTAModes_Reusable.swift */; };
		2C2A20BB2A755AFA002A6D3C /* GTAModes_Autolayout.swift in Sources */ = {isa = PBXBuildFile; fileRef = 2C2A20BA2A755AFA002A6D3C /* GTAModes_Autolayout.swift */; };
		2C2A20BE2A756AD4002A6D3C /* GSViewController.swift in Sources */ = {isa = PBXBuildFile; fileRef = 2C2A20BD2A756AD4002A6D3C /* GSViewController.swift */; };
		2C2A20C02A756AE0002A6D3C /* GSModel.swift in Sources */ = {isa = PBXBuildFile; fileRef = 2C2A20BF2A756AE0002A6D3C /* GSModel.swift */; };
		2C3C53282A7BB01300D019A1 /* Inter-Bold.ttf in Resources */ = {isa = PBXBuildFile; fileRef = 2CBFE44B2A77CEDA00A50257 /* Inter-Bold.ttf */; };
		2C3C53292A7BB01F00D019A1 /* Inter-Regular.ttf in Resources */ = {isa = PBXBuildFile; fileRef = 2CBFE44C2A77CEDA00A50257 /* Inter-Regular.ttf */; };
		2C45A5372A76A7550023B3A8 /* GTAModes_GameCheatsViewController.swift in Sources */ = {isa = PBXBuildFile; fileRef = 2C45A5362A76A7550023B3A8 /* GTAModes_GameCheatsViewController.swift */; };
		2C45A5392A76A7620023B3A8 /* GTAModes_GameCheatsModel.swift in Sources */ = {isa = PBXBuildFile; fileRef = 2C45A5382A76A7620023B3A8 /* GTAModes_GameCheatsModel.swift */; };
		2C45A53B2A76A7780023B3A8 /* GTAModes_ChecklistViewController.swift in Sources */ = {isa = PBXBuildFile; fileRef = 2C45A53A2A76A7780023B3A8 /* GTAModes_ChecklistViewController.swift */; };
		2C45A53D2A76A7800023B3A8 /* GTAModes_ChecklistModel.swift in Sources */ = {isa = PBXBuildFile; fileRef = 2C45A53C2A76A7800023B3A8 /* GTAModes_ChecklistModel.swift */; };
		2C45A5402A76A7A50023B3A8 /* GTAModes_FilterViewController.swift in Sources */ = {isa = PBXBuildFile; fileRef = 2C45A53F2A76A7A50023B3A8 /* GTAModes_FilterViewController.swift */; };
		2C45A5432A771A050023B3A8 /* GTAModes_ChecklistCell.swift in Sources */ = {isa = PBXBuildFile; fileRef = 2C45A5422A771A050023B3A8 /* GTAModes_ChecklistCell.swift */; };
		2C4F877A2A92DEB9006DC2CD /* GTAModes_GameModesTableViewCell.swift in Sources */ = {isa = PBXBuildFile; fileRef = 2C4F87792A92DEB9006DC2CD /* GTAModes_GameModesTableViewCell.swift */; };
		2C51E7362A8BA9570077C421 /* GTAModes_SearchBar.swift in Sources */ = {isa = PBXBuildFile; fileRef = 2C51E7352A8BA9570077C421 /* GTAModes_SearchBar.swift */; };
		2C51E7382A8BB19E0077C421 /* GTAModes_SearchBarViewModel.swift in Sources */ = {isa = PBXBuildFile; fileRef = 2C51E7372A8BB19E0077C421 /* GTAModes_SearchBarViewModel.swift */; };
		2C51E73A2A8BD5590077C421 /* MissionObject.swift in Sources */ = {isa = PBXBuildFile; fileRef = 2C51E7392A8BD5590077C421 /* MissionObject.swift */; };
		2C5CA6E62A924D78005F9D24 /* GTA_GameModesViewController.swift in Sources */ = {isa = PBXBuildFile; fileRef = 2C5CA6E52A924D78005F9D24 /* GTA_GameModesViewController.swift */; };
		2C5CA6E82A924DFC005F9D24 /* GTAModes_GameModesModel.swift in Sources */ = {isa = PBXBuildFile; fileRef = 2C5CA6E72A924DFC005F9D24 /* GTAModes_GameModesModel.swift */; };
		2C5CA6EA2A92514D005F9D24 /* ModObject.swift in Sources */ = {isa = PBXBuildFile; fileRef = 2C5CA6E92A92514D005F9D24 /* ModObject.swift */; };
		2C7F39F42A7BF09800F575F7 /* GameModesHeaderView.swift in Sources */ = {isa = PBXBuildFile; fileRef = 2C7F39F32A7BF09800F575F7 /* GameModesHeaderView.swift */; };
		2C7F39F62A7BF0BF00F575F7 /* GTAModes_GameCheatsTableViewCell.swift in Sources */ = {isa = PBXBuildFile; fileRef = 2C7F39F52A7BF0BF00F575F7 /* GTAModes_GameCheatsTableViewCell.swift */; };
		2CA95FF82A84D4210039343E /* CheatsObject.swift in Sources */ = {isa = PBXBuildFile; fileRef = 2CA95FF72A84D4210039343E /* CheatsObject.swift */; };
		2CA95FFC2A8512470039343E /* MainItemObject.swift in Sources */ = {isa = PBXBuildFile; fileRef = 2CA95FFB2A8512470039343E /* MainItemObject.swift */; };
		2CA960002A853F870039343E /* Kingfisher in Frameworks */ = {isa = PBXBuildFile; productRef = 2CA95FFF2A853F870039343E /* Kingfisher */; };
		2CB88FD62A90CAC7006B9301 /* NotificationService.swift in Sources */ = {isa = PBXBuildFile; fileRef = 2CB88FD52A90CAC7006B9301 /* NotificationService.swift */; };
		2CB88FDA2A90CAC7006B9301 /* NotificationService.appex in Embed Foundation Extensions */ = {isa = PBXBuildFile; fileRef = 2CB88FD32A90CAC7006B9301 /* NotificationService.appex */; settings = {ATTRIBUTES = (RemoveHeadersOnCopy, ); }; };
		2CB88FE22A90D16B006B9301 /* AdServices.framework in Frameworks */ = {isa = PBXBuildFile; fileRef = 2CB88FE02A90D169006B9301 /* AdServices.framework */; };
		2CB88FE32A90D16C006B9301 /* AdSupport.framework in Frameworks */ = {isa = PBXBuildFile; fileRef = 2CB88FE12A90D16A006B9301 /* AdSupport.framework */; };
		2CB88FE52A90D174006B9301 /* AppTrackingTransparency.framework in Frameworks */ = {isa = PBXBuildFile; fileRef = 2CB88FE42A90D174006B9301 /* AppTrackingTransparency.framework */; };
		2CB88FE72A90D189006B9301 /* iAd.framework in Frameworks */ = {isa = PBXBuildFile; fileRef = 2CB88FE62A90D188006B9301 /* iAd.framework */; };
		2CB88FE92A90D19F006B9301 /* WebKit.framework in Frameworks */ = {isa = PBXBuildFile; fileRef = 2CB88FE82A90D19E006B9301 /* WebKit.framework */; };
		2CBF47222A79151300A50257 /* LaunchScreen.storyboard in Resources */ = {isa = PBXBuildFile; fileRef = 2C2A205B2A7170E3002A6D3C /* LaunchScreen.storyboard */; };
		2CBF47242A79153200A50257 /* Assets.xcassets in Resources */ = {isa = PBXBuildFile; fileRef = 2C2A20592A7170E3002A6D3C /* Assets.xcassets */; };
		2CBFE4552A77E28400A50257 /* GTAModes_FilterTableViewCell.swift in Sources */ = {isa = PBXBuildFile; fileRef = 2CBFE4542A77E28400A50257 /* GTAModes_FilterTableViewCell.swift */; };
		2CBFE4572A77E38600A50257 /* PanPresentationController.swift in Sources */ = {isa = PBXBuildFile; fileRef = 2CBFE4562A77E38600A50257 /* PanPresentationController.swift */; };
		2CBFE4592A77ECA200A50257 /* PanPresentationManager.swift in Sources */ = {isa = PBXBuildFile; fileRef = 2CBFE4582A77ECA200A50257 /* PanPresentationManager.swift */; };
		2CBFE45B2A79080D00A50257 /* GTAModes_MapViewController.swift in Sources */ = {isa = PBXBuildFile; fileRef = 2CBFE45A2A79080D00A50257 /* GTAModes_MapViewController.swift */; };
		2CC0DA542A90F0CA0083E7B6 /* FirebaseAnalytics in Frameworks */ = {isa = PBXBuildFile; productRef = 2CC0DA532A90F0CA0083E7B6 /* FirebaseAnalytics */; };
		2CC0DA562A90F0CA0083E7B6 /* FirebaseAnalyticsOnDeviceConversion in Frameworks */ = {isa = PBXBuildFile; productRef = 2CC0DA552A90F0CA0083E7B6 /* FirebaseAnalyticsOnDeviceConversion */; };
		2CC0DA582A90F0CA0083E7B6 /* FirebaseAnalyticsSwift in Frameworks */ = {isa = PBXBuildFile; productRef = 2CC0DA572A90F0CA0083E7B6 /* FirebaseAnalyticsSwift */; };
		2CC0DA5A2A90F0CA0083E7B6 /* FirebaseAnalyticsWithoutAdIdSupport in Frameworks */ = {isa = PBXBuildFile; productRef = 2CC0DA592A90F0CA0083E7B6 /* FirebaseAnalyticsWithoutAdIdSupport */; };
		2CD986802A978D6100E5F54A /* GTA_NetworkStatusMonitor.swift in Sources */ = {isa = PBXBuildFile; fileRef = 2CD9867F2A978D6100E5F54A /* GTA_NetworkStatusMonitor.swift */; };
		2CDEBEDE2A80F1DD00F976A3 /* SwiftyDropbox in Frameworks */ = {isa = PBXBuildFile; productRef = 2CDEBEDD2A80F1DD00F976A3 /* SwiftyDropbox */; };
		2CDEBF032A82586500F976A3 /* GTAModes_DropBoxManager.swift in Sources */ = {isa = PBXBuildFile; fileRef = 2CDEBEF62A82586500F976A3 /* GTAModes_DropBoxManager.swift */; };
		2CDEBF042A82586500F976A3 /* GTAModes_DBConstants.swift in Sources */ = {isa = PBXBuildFile; fileRef = 2CDEBEF72A82586500F976A3 /* GTAModes_DBConstants.swift */; };
		2CDEBF072A82F57100F976A3 /* GTAModes_CustomNavigationView.swift in Sources */ = {isa = PBXBuildFile; fileRef = 2CDEBF062A82F57100F976A3 /* GTAModes_CustomNavigationView.swift */; };
		B6086E5DA68400D2ABF2BB7A /* Pods_GTAModes.framework in Frameworks */ = {isa = PBXBuildFile; fileRef = 7F2E2352E0EAAE4846BA5952 /* Pods_GTAModes.framework */; };
/* End PBXBuildFile section */

/* Begin PBXContainerItemProxy section */
		2CB88FD82A90CAC7006B9301 /* PBXContainerItemProxy */ = {
			isa = PBXContainerItemProxy;
			containerPortal = 2C2A20452A7170E1002A6D3C /* Project object */;
			proxyType = 1;
			remoteGlobalIDString = 2CB88FD22A90CAC7006B9301;
			remoteInfo = NotificationService;
		};
/* End PBXContainerItemProxy section */

/* Begin PBXCopyFilesBuildPhase section */
		2CB88FDB2A90CAC7006B9301 /* Embed Foundation Extensions */ = {
			isa = PBXCopyFilesBuildPhase;
			buildActionMask = 2147483647;
			dstPath = "";
			dstSubfolderSpec = 13;
			files = (
				2CB88FDA2A90CAC7006B9301 /* NotificationService.appex in Embed Foundation Extensions */,
			);
			name = "Embed Foundation Extensions";
			runOnlyForDeploymentPostprocessing = 0;
		};
/* End PBXCopyFilesBuildPhase section */

/* Begin PBXFileReference section */
		0C14A4FEA062255A39CFF41A /* Pods-GTAModes.release.xcconfig */ = {isa = PBXFileReference; includeInIndex = 1; lastKnownFileType = text.xcconfig; name = "Pods-GTAModes.release.xcconfig"; path = "Target Support Files/Pods-GTAModes/Pods-GTAModes.release.xcconfig"; sourceTree = "<group>"; };
		2C1CA3B02A8E70B200C89F79 /* GTA_ServicesManager.swift */ = {isa = PBXFileReference; fileEncoding = 4; lastKnownFileType = sourcecode.swift; path = GTA_ServicesManager.swift; sourceTree = "<group>"; };
		2C1CA4702A8E714F00C89F79 /* GTA_Configurations.swift */ = {isa = PBXFileReference; lastKnownFileType = sourcecode.swift; path = GTA_Configurations.swift; sourceTree = "<group>"; };
		2C1CA4722A8E71E200C89F79 /* GTAModes.entitlements */ = {isa = PBXFileReference; lastKnownFileType = text.plist.entitlements; path = GTAModes.entitlements; sourceTree = "<group>"; };
		2C1CA4732A8E720A00C89F79 /* StoreKit.framework */ = {isa = PBXFileReference; lastKnownFileType = wrapper.framework; name = StoreKit.framework; path = System/Library/Frameworks/StoreKit.framework; sourceTree = SDKROOT; };
		2C2A204D2A7170E1002A6D3C /* GTAModes.app */ = {isa = PBXFileReference; explicitFileType = wrapper.application; includeInIndex = 0; path = GTAModes.app; sourceTree = BUILT_PRODUCTS_DIR; };
		2C2A20502A7170E1002A6D3C /* GTA_AppDelegate.swift */ = {isa = PBXFileReference; lastKnownFileType = sourcecode.swift; path = GTA_AppDelegate.swift; sourceTree = "<group>"; };
		2C2A20522A7170E1002A6D3C /* SceneDelegate.swift */ = {isa = PBXFileReference; lastKnownFileType = sourcecode.swift; path = SceneDelegate.swift; sourceTree = "<group>"; };
		2C2A20592A7170E3002A6D3C /* Assets.xcassets */ = {isa = PBXFileReference; lastKnownFileType = folder.assetcatalog; path = Assets.xcassets; sourceTree = "<group>"; };
		2C2A205E2A7170E3002A6D3C /* Info.plist */ = {isa = PBXFileReference; lastKnownFileType = text.plist.xml; path = Info.plist; sourceTree = "<group>"; };
		2C2A20722A7285AA002A6D3C /* GTAModes_MainFlowCoordinator.swift */ = {isa = PBXFileReference; lastKnownFileType = sourcecode.swift; path = GTAModes_MainFlowCoordinator.swift; sourceTree = "<group>"; };
		2C2A20752A7286EC002A6D3C /* GTAModes_FlowCoordinator.swift */ = {isa = PBXFileReference; lastKnownFileType = sourcecode.swift; path = GTAModes_FlowCoordinator.swift; sourceTree = "<group>"; };
		2C2A207A2A729267002A6D3C /* GTAModes_MainViewController.swift */ = {isa = PBXFileReference; lastKnownFileType = sourcecode.swift; path = GTAModes_MainViewController.swift; sourceTree = "<group>"; };
		2C2A207E2A72927E002A6D3C /* GTAModes_MainModel.swift */ = {isa = PBXFileReference; lastKnownFileType = sourcecode.swift; path = GTAModes_MainModel.swift; sourceTree = "<group>"; };
		2C2A20802A729337002A6D3C /* GTAModes_NiblessViewController.swift */ = {isa = PBXFileReference; lastKnownFileType = sourcecode.swift; path = GTAModes_NiblessViewController.swift; sourceTree = "<group>"; };
		2C2A20B62A7551E8002A6D3C /* GTAModes_MainTableViewCell.swift */ = {isa = PBXFileReference; lastKnownFileType = sourcecode.swift; path = GTAModes_MainTableViewCell.swift; sourceTree = "<group>"; };
		2C2A20B82A7556BF002A6D3C /* GTAModes_Reusable.swift */ = {isa = PBXFileReference; lastKnownFileType = sourcecode.swift; path = GTAModes_Reusable.swift; sourceTree = "<group>"; };
		2C2A20BA2A755AFA002A6D3C /* GTAModes_Autolayout.swift */ = {isa = PBXFileReference; lastKnownFileType = sourcecode.swift; path = GTAModes_Autolayout.swift; sourceTree = "<group>"; };
		2C2A20BD2A756AD4002A6D3C /* GSViewController.swift */ = {isa = PBXFileReference; lastKnownFileType = sourcecode.swift; path = GSViewController.swift; sourceTree = "<group>"; };
		2C2A20BF2A756AE0002A6D3C /* GSModel.swift */ = {isa = PBXFileReference; lastKnownFileType = sourcecode.swift; path = GSModel.swift; sourceTree = "<group>"; };
		2C45A5362A76A7550023B3A8 /* GTAModes_GameCheatsViewController.swift */ = {isa = PBXFileReference; lastKnownFileType = sourcecode.swift; path = GTAModes_GameCheatsViewController.swift; sourceTree = "<group>"; };
		2C45A5382A76A7620023B3A8 /* GTAModes_GameCheatsModel.swift */ = {isa = PBXFileReference; lastKnownFileType = sourcecode.swift; path = GTAModes_GameCheatsModel.swift; sourceTree = "<group>"; };
		2C45A53A2A76A7780023B3A8 /* GTAModes_ChecklistViewController.swift */ = {isa = PBXFileReference; lastKnownFileType = sourcecode.swift; path = GTAModes_ChecklistViewController.swift; sourceTree = "<group>"; };
		2C45A53C2A76A7800023B3A8 /* GTAModes_ChecklistModel.swift */ = {isa = PBXFileReference; lastKnownFileType = sourcecode.swift; path = GTAModes_ChecklistModel.swift; sourceTree = "<group>"; };
		2C45A53F2A76A7A50023B3A8 /* GTAModes_FilterViewController.swift */ = {isa = PBXFileReference; lastKnownFileType = sourcecode.swift; path = GTAModes_FilterViewController.swift; sourceTree = "<group>"; };
		2C45A5422A771A050023B3A8 /* GTAModes_ChecklistCell.swift */ = {isa = PBXFileReference; lastKnownFileType = sourcecode.swift; path = GTAModes_ChecklistCell.swift; sourceTree = "<group>"; };
		2C4F87792A92DEB9006DC2CD /* GTAModes_GameModesTableViewCell.swift */ = {isa = PBXFileReference; lastKnownFileType = sourcecode.swift; path = GTAModes_GameModesTableViewCell.swift; sourceTree = "<group>"; };
		2C51E7352A8BA9570077C421 /* GTAModes_SearchBar.swift */ = {isa = PBXFileReference; lastKnownFileType = sourcecode.swift; path = GTAModes_SearchBar.swift; sourceTree = "<group>"; };
		2C51E7372A8BB19E0077C421 /* GTAModes_SearchBarViewModel.swift */ = {isa = PBXFileReference; lastKnownFileType = sourcecode.swift; path = GTAModes_SearchBarViewModel.swift; sourceTree = "<group>"; };
		2C51E7392A8BD5590077C421 /* MissionObject.swift */ = {isa = PBXFileReference; lastKnownFileType = sourcecode.swift; path = MissionObject.swift; sourceTree = "<group>"; };
		2C5CA6E52A924D78005F9D24 /* GTA_GameModesViewController.swift */ = {isa = PBXFileReference; lastKnownFileType = sourcecode.swift; path = GTA_GameModesViewController.swift; sourceTree = "<group>"; };
		2C5CA6E72A924DFC005F9D24 /* GTAModes_GameModesModel.swift */ = {isa = PBXFileReference; lastKnownFileType = sourcecode.swift; path = GTAModes_GameModesModel.swift; sourceTree = "<group>"; };
		2C5CA6E92A92514D005F9D24 /* ModObject.swift */ = {isa = PBXFileReference; lastKnownFileType = sourcecode.swift; path = ModObject.swift; sourceTree = "<group>"; };
		2C7F39F32A7BF09800F575F7 /* GameModesHeaderView.swift */ = {isa = PBXFileReference; lastKnownFileType = sourcecode.swift; path = GameModesHeaderView.swift; sourceTree = "<group>"; };
		2C7F39F52A7BF0BF00F575F7 /* GTAModes_GameCheatsTableViewCell.swift */ = {isa = PBXFileReference; lastKnownFileType = sourcecode.swift; path = GTAModes_GameCheatsTableViewCell.swift; sourceTree = "<group>"; };
		2CA95FF72A84D4210039343E /* CheatsObject.swift */ = {isa = PBXFileReference; lastKnownFileType = sourcecode.swift; path = CheatsObject.swift; sourceTree = "<group>"; };
		2CA95FFB2A8512470039343E /* MainItemObject.swift */ = {isa = PBXFileReference; lastKnownFileType = sourcecode.swift; path = MainItemObject.swift; sourceTree = "<group>"; };
		2CB88FD32A90CAC7006B9301 /* NotificationService.appex */ = {isa = PBXFileReference; explicitFileType = "wrapper.app-extension"; includeInIndex = 0; path = NotificationService.appex; sourceTree = BUILT_PRODUCTS_DIR; };
		2CB88FD52A90CAC7006B9301 /* NotificationService.swift */ = {isa = PBXFileReference; lastKnownFileType = sourcecode.swift; path = NotificationService.swift; sourceTree = "<group>"; };
		2CB88FD72A90CAC7006B9301 /* Info.plist */ = {isa = PBXFileReference; lastKnownFileType = text.plist.xml; path = Info.plist; sourceTree = "<group>"; };
		2CB88FDF2A90CB9F006B9301 /* NotificationService.entitlements */ = {isa = PBXFileReference; lastKnownFileType = text.plist.entitlements; path = NotificationService.entitlements; sourceTree = "<group>"; };
		2CB88FE02A90D169006B9301 /* AdServices.framework */ = {isa = PBXFileReference; lastKnownFileType = wrapper.framework; name = AdServices.framework; path = System/Library/Frameworks/AdServices.framework; sourceTree = SDKROOT; };
		2CB88FE12A90D16A006B9301 /* AdSupport.framework */ = {isa = PBXFileReference; lastKnownFileType = wrapper.framework; name = AdSupport.framework; path = System/Library/Frameworks/AdSupport.framework; sourceTree = SDKROOT; };
		2CB88FE42A90D174006B9301 /* AppTrackingTransparency.framework */ = {isa = PBXFileReference; lastKnownFileType = wrapper.framework; name = AppTrackingTransparency.framework; path = System/Library/Frameworks/AppTrackingTransparency.framework; sourceTree = SDKROOT; };
		2CB88FE62A90D188006B9301 /* iAd.framework */ = {isa = PBXFileReference; lastKnownFileType = wrapper.framework; name = iAd.framework; path = System/Library/Frameworks/iAd.framework; sourceTree = SDKROOT; };
		2CB88FE82A90D19E006B9301 /* WebKit.framework */ = {isa = PBXFileReference; lastKnownFileType = wrapper.framework; name = WebKit.framework; path = System/Library/Frameworks/WebKit.framework; sourceTree = SDKROOT; };
		2CBFE4442A77BDD400A50257 /* Localizable.strings */ = {isa = PBXFileReference; lastKnownFileType = text.plist.strings; path = Localizable.strings; sourceTree = "<group>"; };
		2CBFE4472A77BE0200A50257 /* Base */ = {isa = PBXFileReference; lastKnownFileType = file.storyboard; name = Base; path = Base.lproj/LaunchScreen.storyboard; sourceTree = "<group>"; };
		2CBFE44B2A77CEDA00A50257 /* Inter-Bold.ttf */ = {isa = PBXFileReference; lastKnownFileType = file; path = "Inter-Bold.ttf"; sourceTree = "<group>"; };
		2CBFE44C2A77CEDA00A50257 /* Inter-Regular.ttf */ = {isa = PBXFileReference; lastKnownFileType = file; path = "Inter-Regular.ttf"; sourceTree = "<group>"; };
		2CBFE4542A77E28400A50257 /* GTAModes_FilterTableViewCell.swift */ = {isa = PBXFileReference; lastKnownFileType = sourcecode.swift; path = GTAModes_FilterTableViewCell.swift; sourceTree = "<group>"; };
		2CBFE4562A77E38600A50257 /* PanPresentationController.swift */ = {isa = PBXFileReference; lastKnownFileType = sourcecode.swift; path = PanPresentationController.swift; sourceTree = "<group>"; };
		2CBFE4582A77ECA200A50257 /* PanPresentationManager.swift */ = {isa = PBXFileReference; lastKnownFileType = sourcecode.swift; path = PanPresentationManager.swift; sourceTree = "<group>"; };
		2CBFE45A2A79080D00A50257 /* GTAModes_MapViewController.swift */ = {isa = PBXFileReference; lastKnownFileType = sourcecode.swift; path = GTAModes_MapViewController.swift; sourceTree = "<group>"; };
		2CD9867F2A978D6100E5F54A /* GTA_NetworkStatusMonitor.swift */ = {isa = PBXFileReference; lastKnownFileType = sourcecode.swift; path = GTA_NetworkStatusMonitor.swift; sourceTree = "<group>"; };
		2CDEBEF62A82586500F976A3 /* GTAModes_DropBoxManager.swift */ = {isa = PBXFileReference; fileEncoding = 4; lastKnownFileType = sourcecode.swift; path = GTAModes_DropBoxManager.swift; sourceTree = "<group>"; };
		2CDEBEF72A82586500F976A3 /* GTAModes_DBConstants.swift */ = {isa = PBXFileReference; fileEncoding = 4; lastKnownFileType = sourcecode.swift; path = GTAModes_DBConstants.swift; sourceTree = "<group>"; };
		2CDEBF062A82F57100F976A3 /* GTAModes_CustomNavigationView.swift */ = {isa = PBXFileReference; lastKnownFileType = sourcecode.swift; path = GTAModes_CustomNavigationView.swift; sourceTree = "<group>"; };
		7F2E2352E0EAAE4846BA5952 /* Pods_GTAModes.framework */ = {isa = PBXFileReference; explicitFileType = wrapper.framework; includeInIndex = 0; path = Pods_GTAModes.framework; sourceTree = BUILT_PRODUCTS_DIR; };
		A7040E287D44240A115BA20F /* Pods-GTAModes.debug.xcconfig */ = {isa = PBXFileReference; includeInIndex = 1; lastKnownFileType = text.xcconfig; name = "Pods-GTAModes.debug.xcconfig"; path = "Target Support Files/Pods-GTAModes/Pods-GTAModes.debug.xcconfig"; sourceTree = "<group>"; };
/* End PBXFileReference section */

/* Begin PBXFrameworksBuildPhase section */
		2C2A204A2A7170E1002A6D3C /* Frameworks */ = {
			isa = PBXFrameworksBuildPhase;
			buildActionMask = 2147483647;
			files = (
				2CB88FE22A90D16B006B9301 /* AdServices.framework in Frameworks */,
				2CC0DA5A2A90F0CA0083E7B6 /* FirebaseAnalyticsWithoutAdIdSupport in Frameworks */,
				2CB88FE32A90D16C006B9301 /* AdSupport.framework in Frameworks */,
				2CC0DA542A90F0CA0083E7B6 /* FirebaseAnalytics in Frameworks */,
				2CC0DA562A90F0CA0083E7B6 /* FirebaseAnalyticsOnDeviceConversion in Frameworks */,
				2CC0DA582A90F0CA0083E7B6 /* FirebaseAnalyticsSwift in Frameworks */,
				2C0DC3772A8FADF800A03F44 /* Pushwoosh in Frameworks */,
				2CA960002A853F870039343E /* Kingfisher in Frameworks */,
				2CB88FE52A90D174006B9301 /* AppTrackingTransparency.framework in Frameworks */,
				2C1CA4742A8E720B00C89F79 /* StoreKit.framework in Frameworks */,
				2C2A206F2A727E88002A6D3C /* RealmSwift in Frameworks */,
				2CB88FE72A90D189006B9301 /* iAd.framework in Frameworks */,
				2CDEBEDE2A80F1DD00F976A3 /* SwiftyDropbox in Frameworks */,
				2CB88FE92A90D19F006B9301 /* WebKit.framework in Frameworks */,
				B6086E5DA68400D2ABF2BB7A /* Pods_GTAModes.framework in Frameworks */,
			);
			runOnlyForDeploymentPostprocessing = 0;
		};
		2CB88FD02A90CAC7006B9301 /* Frameworks */ = {
			isa = PBXFrameworksBuildPhase;
			buildActionMask = 2147483647;
			files = (
			);
			runOnlyForDeploymentPostprocessing = 0;
		};
/* End PBXFrameworksBuildPhase section */

/* Begin PBXGroup section */
		2C1CA46F2A8E713C00C89F79 /* Configurations */ = {
			isa = PBXGroup;
			children = (
				2C1CA4702A8E714F00C89F79 /* GTA_Configurations.swift */,
			);
			path = Configurations;
			sourceTree = "<group>";
		};
		2C2A20442A7170E1002A6D3C = {
			isa = PBXGroup;
			children = (
				2C2A204F2A7170E1002A6D3C /* GTAModes */,
				2CB88FD42A90CAC7006B9301 /* NotificationService */,
				2C2A204E2A7170E1002A6D3C /* Products */,
				2CA95FFE2A853F870039343E /* Frameworks */,
				A8B8353F472C526FEFD3CD98 /* Pods */,
			);
			sourceTree = "<group>";
		};
		2C2A204E2A7170E1002A6D3C /* Products */ = {
			isa = PBXGroup;
			children = (
				2C2A204D2A7170E1002A6D3C /* GTAModes.app */,
				2CB88FD32A90CAC7006B9301 /* NotificationService.appex */,
			);
			name = Products;
			sourceTree = "<group>";
		};
		2C2A204F2A7170E1002A6D3C /* GTAModes */ = {
			isa = PBXGroup;
			children = (
				2C1CA4722A8E71E200C89F79 /* GTAModes.entitlements */,
				2C1CA46F2A8E713C00C89F79 /* Configurations */,
				2C2A20502A7170E1002A6D3C /* GTA_AppDelegate.swift */,
				2C2A20522A7170E1002A6D3C /* SceneDelegate.swift */,
				2C2A20642A717EA4002A6D3C /* Flows */,
				2C2A20652A717EF7002A6D3C /* Services */,
				2C2A20742A7286D4002A6D3C /* Common */,
				2C2A20662A717F13002A6D3C /* Resources */,
			);
			path = GTAModes;
			sourceTree = "<group>";
		};
		2C2A20642A717EA4002A6D3C /* Flows */ = {
			isa = PBXGroup;
			children = (
				2C2A20692A717FE9002A6D3C /* MainFlow */,
			);
			path = Flows;
			sourceTree = "<group>";
		};
		2C2A20652A717EF7002A6D3C /* Services */ = {
			isa = PBXGroup;
			children = (
				2CDEBEE82A82586500F976A3 /* DropBoxManager */,
				2C2A20862A72A3C6002A6D3C /* DataBase */,
			);
			path = Services;
			sourceTree = "<group>";
		};
		2C2A20662A717F13002A6D3C /* Resources */ = {
			isa = PBXGroup;
			children = (
				2CBFE4482A77CE6A00A50257 /* Fonts */,
				2C2A205E2A7170E3002A6D3C /* Info.plist */,
				2C2A20592A7170E3002A6D3C /* Assets.xcassets */,
				2C2A205B2A7170E3002A6D3C /* LaunchScreen.storyboard */,
				2CBFE4442A77BDD400A50257 /* Localizable.strings */,
			);
			path = Resources;
			sourceTree = "<group>";
		};
		2C2A20692A717FE9002A6D3C /* MainFlow */ = {
			isa = PBXGroup;
			children = (
				2C5CA6E42A924B83005F9D24 /* GameModes */,
				2C45A5342A76A7200023B3A8 /* Map */,
				2C45A5332A76A6880023B3A8 /* Checklist */,
				2C45A5322A76A65D0023B3A8 /* GameCheats */,
				2C2A20BC2A756AB3002A6D3C /* GameSelection */,
				2C2A20792A72907B002A6D3C /* MainView */,
				2C2A20722A7285AA002A6D3C /* GTAModes_MainFlowCoordinator.swift */,
			);
			path = MainFlow;
			sourceTree = "<group>";
		};
		2C2A20742A7286D4002A6D3C /* Common */ = {
			isa = PBXGroup;
			children = (
				2C2A20B32A755153002A6D3C /* UI */,
				2C2A20752A7286EC002A6D3C /* GTAModes_FlowCoordinator.swift */,
				2C2A20802A729337002A6D3C /* GTAModes_NiblessViewController.swift */,
				2C2A20BA2A755AFA002A6D3C /* GTAModes_Autolayout.swift */,
				2C2A20B82A7556BF002A6D3C /* GTAModes_Reusable.swift */,
				2CBFE4562A77E38600A50257 /* PanPresentationController.swift */,
				2CBFE4582A77ECA200A50257 /* PanPresentationManager.swift */,
			);
			path = Common;
			sourceTree = "<group>";
		};
		2C2A20792A72907B002A6D3C /* MainView */ = {
			isa = PBXGroup;
			children = (
				2C2A207A2A729267002A6D3C /* GTAModes_MainViewController.swift */,
				2C2A207E2A72927E002A6D3C /* GTAModes_MainModel.swift */,
			);
			path = MainView;
			sourceTree = "<group>";
		};
		2C2A20862A72A3C6002A6D3C /* DataBase */ = {
			isa = PBXGroup;
			children = (
				2CA95FF62A84D4050039343E /* Models */,
			);
			path = DataBase;
			sourceTree = "<group>";
		};
		2C2A20B32A755153002A6D3C /* UI */ = {
			isa = PBXGroup;
			children = (
				2CDEBF052A82F55400F976A3 /* CustomNavigation */,
				2C45A53E2A76A78D0023B3A8 /* Filters */,
				2C2A20B42A755158002A6D3C /* Cells */,
			);
			path = UI;
			sourceTree = "<group>";
		};
		2C2A20B42A755158002A6D3C /* Cells */ = {
			isa = PBXGroup;
			children = (
				2C2A20B52A7551B4002A6D3C /* MainTableViewCell */,
			);
			path = Cells;
			sourceTree = "<group>";
		};
		2C2A20B52A7551B4002A6D3C /* MainTableViewCell */ = {
			isa = PBXGroup;
			children = (
				2C2A20B62A7551E8002A6D3C /* GTAModes_MainTableViewCell.swift */,
			);
			path = MainTableViewCell;
			sourceTree = "<group>";
		};
		2C2A20BC2A756AB3002A6D3C /* GameSelection */ = {
			isa = PBXGroup;
			children = (
				2C2A20BD2A756AD4002A6D3C /* GSViewController.swift */,
				2C2A20BF2A756AE0002A6D3C /* GSModel.swift */,
			);
			path = GameSelection;
			sourceTree = "<group>";
		};
		2C45A5322A76A65D0023B3A8 /* GameCheats */ = {
			isa = PBXGroup;
			children = (
				2C7F39F02A7BF05D00F575F7 /* Views */,
				2C45A5362A76A7550023B3A8 /* GTAModes_GameCheatsViewController.swift */,
				2C45A5382A76A7620023B3A8 /* GTAModes_GameCheatsModel.swift */,
			);
			path = GameCheats;
			sourceTree = "<group>";
		};
		2C45A5332A76A6880023B3A8 /* Checklist */ = {
			isa = PBXGroup;
			children = (
				2C45A5412A7719ED0023B3A8 /* Cell */,
				2C45A53A2A76A7780023B3A8 /* GTAModes_ChecklistViewController.swift */,
				2C45A53C2A76A7800023B3A8 /* GTAModes_ChecklistModel.swift */,
			);
			path = Checklist;
			sourceTree = "<group>";
		};
		2C45A5342A76A7200023B3A8 /* Map */ = {
			isa = PBXGroup;
			children = (
				2CBFE45A2A79080D00A50257 /* GTAModes_MapViewController.swift */,
			);
			path = Map;
			sourceTree = "<group>";
		};
		2C45A53E2A76A78D0023B3A8 /* Filters */ = {
			isa = PBXGroup;
			children = (
				2C45A53F2A76A7A50023B3A8 /* GTAModes_FilterViewController.swift */,
				2CBFE4542A77E28400A50257 /* GTAModes_FilterTableViewCell.swift */,
			);
			path = Filters;
			sourceTree = "<group>";
		};
		2C45A5412A7719ED0023B3A8 /* Cell */ = {
			isa = PBXGroup;
			children = (
				2C45A5422A771A050023B3A8 /* GTAModes_ChecklistCell.swift */,
			);
			path = Cell;
			sourceTree = "<group>";
		};
		2C5CA6E42A924B83005F9D24 /* GameModes */ = {
			isa = PBXGroup;
			children = (
				2C5CA6E52A924D78005F9D24 /* GTA_GameModesViewController.swift */,
				2C5CA6E72A924DFC005F9D24 /* GTAModes_GameModesModel.swift */,
				2C4F87792A92DEB9006DC2CD /* GTAModes_GameModesTableViewCell.swift */,
			);
			path = GameModes;
			sourceTree = "<group>";
		};
		2C7F39F02A7BF05D00F575F7 /* Views */ = {
			isa = PBXGroup;
			children = (
				2C7F39F22A7BF07200F575F7 /* Header */,
				2C7F39F12A7BF06A00F575F7 /* Cell */,
				2C51E7352A8BA9570077C421 /* GTAModes_SearchBar.swift */,
				2C51E7372A8BB19E0077C421 /* GTAModes_SearchBarViewModel.swift */,
			);
			path = Views;
			sourceTree = "<group>";
		};
		2C7F39F12A7BF06A00F575F7 /* Cell */ = {
			isa = PBXGroup;
			children = (
				2C7F39F52A7BF0BF00F575F7 /* GTAModes_GameCheatsTableViewCell.swift */,
			);
			path = Cell;
			sourceTree = "<group>";
		};
		2C7F39F22A7BF07200F575F7 /* Header */ = {
			isa = PBXGroup;
			children = (
				2C7F39F32A7BF09800F575F7 /* GameModesHeaderView.swift */,
			);
			path = Header;
			sourceTree = "<group>";
		};
		2CA95FF62A84D4050039343E /* Models */ = {
			isa = PBXGroup;
			children = (
				2CA95FF72A84D4210039343E /* CheatsObject.swift */,
				2CA95FFB2A8512470039343E /* MainItemObject.swift */,
				2C51E7392A8BD5590077C421 /* MissionObject.swift */,
				2C5CA6E92A92514D005F9D24 /* ModObject.swift */,
			);
			path = Models;
			sourceTree = "<group>";
		};
		2CA95FFE2A853F870039343E /* Frameworks */ = {
			isa = PBXGroup;
			children = (
				2CB88FE82A90D19E006B9301 /* WebKit.framework */,
				2CB88FE62A90D188006B9301 /* iAd.framework */,
				2CB88FE42A90D174006B9301 /* AppTrackingTransparency.framework */,
				2CB88FE02A90D169006B9301 /* AdServices.framework */,
				2CB88FE12A90D16A006B9301 /* AdSupport.framework */,
				2C1CA4732A8E720A00C89F79 /* StoreKit.framework */,
				7F2E2352E0EAAE4846BA5952 /* Pods_GTAModes.framework */,
			);
			name = Frameworks;
			sourceTree = "<group>";
		};
		2CB88FD42A90CAC7006B9301 /* NotificationService */ = {
			isa = PBXGroup;
			children = (
				2CB88FDF2A90CB9F006B9301 /* NotificationService.entitlements */,
				2CB88FD52A90CAC7006B9301 /* NotificationService.swift */,
				2CB88FD72A90CAC7006B9301 /* Info.plist */,
			);
			path = NotificationService;
			sourceTree = "<group>";
		};
		2CBFE4482A77CE6A00A50257 /* Fonts */ = {
			isa = PBXGroup;
			children = (
				2CBFE44B2A77CEDA00A50257 /* Inter-Bold.ttf */,
				2CBFE44C2A77CEDA00A50257 /* Inter-Regular.ttf */,
			);
			path = Fonts;
			sourceTree = "<group>";
		};
		2CDEBEE82A82586500F976A3 /* DropBoxManager */ = {
			isa = PBXGroup;
			children = (
				2C1CA3B02A8E70B200C89F79 /* GTA_ServicesManager.swift */,
				2CDEBEF62A82586500F976A3 /* GTAModes_DropBoxManager.swift */,
				2CDEBEF72A82586500F976A3 /* GTAModes_DBConstants.swift */,
				2CD9867F2A978D6100E5F54A /* GTA_NetworkStatusMonitor.swift */,
			);
			path = DropBoxManager;
			sourceTree = "<group>";
		};
		2CDEBF052A82F55400F976A3 /* CustomNavigation */ = {
			isa = PBXGroup;
			children = (
				2CDEBF062A82F57100F976A3 /* GTAModes_CustomNavigationView.swift */,
			);
			path = CustomNavigation;
			sourceTree = "<group>";
		};
		A8B8353F472C526FEFD3CD98 /* Pods */ = {
			isa = PBXGroup;
			children = (
				A7040E287D44240A115BA20F /* Pods-GTAModes.debug.xcconfig */,
				0C14A4FEA062255A39CFF41A /* Pods-GTAModes.release.xcconfig */,
			);
			path = Pods;
			sourceTree = "<group>";
		};
/* End PBXGroup section */

/* Begin PBXNativeTarget section */
		2C2A204C2A7170E1002A6D3C /* GTAModes */ = {
			isa = PBXNativeTarget;
			buildConfigurationList = 2C2A20612A7170E3002A6D3C /* Build configuration list for PBXNativeTarget "GTAModes" */;
			buildPhases = (
				C9943C63DB79845544FD8197 /* [CP] Check Pods Manifest.lock */,
				2C2A20492A7170E1002A6D3C /* Sources */,
				2C2A204A2A7170E1002A6D3C /* Frameworks */,
				2C2A204B2A7170E1002A6D3C /* Resources */,
				FC145E48FE705635C75E491D /* [CP] Embed Pods Frameworks */,
				2CB88FDB2A90CAC7006B9301 /* Embed Foundation Extensions */,
			);
			buildRules = (
			);
			dependencies = (
				2CB88FD92A90CAC7006B9301 /* PBXTargetDependency */,
			);
			name = GTAModes;
			packageProductDependencies = (
				2C2A206E2A727E88002A6D3C /* RealmSwift */,
				2CDEBEDD2A80F1DD00F976A3 /* SwiftyDropbox */,
				2CA95FFF2A853F870039343E /* Kingfisher */,
				2C0DC3762A8FADF800A03F44 /* Pushwoosh */,
				2CC0DA532A90F0CA0083E7B6 /* FirebaseAnalytics */,
				2CC0DA552A90F0CA0083E7B6 /* FirebaseAnalyticsOnDeviceConversion */,
				2CC0DA572A90F0CA0083E7B6 /* FirebaseAnalyticsSwift */,
				2CC0DA592A90F0CA0083E7B6 /* FirebaseAnalyticsWithoutAdIdSupport */,
			);
			productName = "GTA Modes";
			productReference = 2C2A204D2A7170E1002A6D3C /* GTAModes.app */;
			productType = "com.apple.product-type.application";
		};
		2CB88FD22A90CAC7006B9301 /* NotificationService */ = {
			isa = PBXNativeTarget;
			buildConfigurationList = 2CB88FDE2A90CAC7006B9301 /* Build configuration list for PBXNativeTarget "NotificationService" */;
			buildPhases = (
				2CB88FCF2A90CAC7006B9301 /* Sources */,
				2CB88FD02A90CAC7006B9301 /* Frameworks */,
				2CB88FD12A90CAC7006B9301 /* Resources */,
			);
			buildRules = (
			);
			dependencies = (
			);
			name = NotificationService;
			productName = NotificationService;
			productReference = 2CB88FD32A90CAC7006B9301 /* NotificationService.appex */;
			productType = "com.apple.product-type.app-extension";
		};
/* End PBXNativeTarget section */

/* Begin PBXProject section */
		2C2A20452A7170E1002A6D3C /* Project object */ = {
			isa = PBXProject;
			attributes = {
				BuildIndependentTargetsInParallel = 1;
				LastSwiftUpdateCheck = 1430;
				LastUpgradeCheck = 1430;
				TargetAttributes = {
					2C2A204C2A7170E1002A6D3C = {
						CreatedOnToolsVersion = 14.3.1;
					};
					2CB88FD22A90CAC7006B9301 = {
						CreatedOnToolsVersion = 14.3.1;
					};
				};
			};
			buildConfigurationList = 2C2A20482A7170E1002A6D3C /* Build configuration list for PBXProject "GTAModes" */;
			compatibilityVersion = "Xcode 14.0";
			developmentRegion = en;
			hasScannedForEncodings = 0;
			knownRegions = (
				en,
				Base,
				de,
				he,
				ar,
				el,
				"zh-Hans",
				ja,
				uk,
				nb,
				"en-GB",
				es,
				sl,
				da,
				"es-419",
				it,
				sk,
				"fr-CA",
				sr,
				ms,
				sv,
				cs,
				ko,
				"zh-Hant",
				hu,
				"en-AU",
				tr,
				pl,
				"pt-BR",
				vi,
				lv,
				lt,
				ru,
				fr,
				fi,
				id,
				nl,
				th,
				"pt-PT",
				ro,
				hr,
				hi,
				ca,
				"en-IN",
			);
			mainGroup = 2C2A20442A7170E1002A6D3C;
			packageReferences = (
				2C2A206D2A727E88002A6D3C /* XCRemoteSwiftPackageReference "realm-swift" */,
				2CDEBEDC2A80F1DD00F976A3 /* XCRemoteSwiftPackageReference "SwiftyDropbox" */,
				2CA95FFD2A853D2B0039343E /* XCRemoteSwiftPackageReference "Kingfisher" */,
				2C0DC3752A8FADF800A03F44 /* XCRemoteSwiftPackageReference "Pushwoosh-XCFramework" */,
				2CC0DA522A90F0CA0083E7B6 /* XCRemoteSwiftPackageReference "firebase-ios-sdk" */,
			);
			productRefGroup = 2C2A204E2A7170E1002A6D3C /* Products */;
			projectDirPath = "";
			projectRoot = "";
			targets = (
				2C2A204C2A7170E1002A6D3C /* GTAModes */,
				2CB88FD22A90CAC7006B9301 /* NotificationService */,
			);
		};
/* End PBXProject section */

/* Begin PBXResourcesBuildPhase section */
		2C2A204B2A7170E1002A6D3C /* Resources */ = {
			isa = PBXResourcesBuildPhase;
			buildActionMask = 2147483647;
			files = (
				2C3C53292A7BB01F00D019A1 /* Inter-Regular.ttf in Resources */,
				2C3C53282A7BB01300D019A1 /* Inter-Bold.ttf in Resources */,
				2CBF47242A79153200A50257 /* Assets.xcassets in Resources */,
				2CBF47222A79151300A50257 /* LaunchScreen.storyboard in Resources */,
			);
			runOnlyForDeploymentPostprocessing = 0;
		};
		2CB88FD12A90CAC7006B9301 /* Resources */ = {
			isa = PBXResourcesBuildPhase;
			buildActionMask = 2147483647;
			files = (
			);
			runOnlyForDeploymentPostprocessing = 0;
		};
/* End PBXResourcesBuildPhase section */

/* Begin PBXShellScriptBuildPhase section */
		C9943C63DB79845544FD8197 /* [CP] Check Pods Manifest.lock */ = {
			isa = PBXShellScriptBuildPhase;
			buildActionMask = 2147483647;
			files = (
			);
			inputFileListPaths = (
			);
			inputPaths = (
				"${PODS_PODFILE_DIR_PATH}/Podfile.lock",
				"${PODS_ROOT}/Manifest.lock",
			);
			name = "[CP] Check Pods Manifest.lock";
			outputFileListPaths = (
			);
			outputPaths = (
				"$(DERIVED_FILE_DIR)/Pods-GTAModes-checkManifestLockResult.txt",
			);
			runOnlyForDeploymentPostprocessing = 0;
			shellPath = /bin/sh;
			shellScript = "diff \"${PODS_PODFILE_DIR_PATH}/Podfile.lock\" \"${PODS_ROOT}/Manifest.lock\" > /dev/null\nif [ $? != 0 ] ; then\n    # print error to STDERR\n    echo \"error: The sandbox is not in sync with the Podfile.lock. Run 'pod install' or update your CocoaPods installation.\" >&2\n    exit 1\nfi\n# This output is used by Xcode 'outputs' to avoid re-running this script phase.\necho \"SUCCESS\" > \"${SCRIPT_OUTPUT_FILE_0}\"\n";
			showEnvVarsInLog = 0;
		};
		FC145E48FE705635C75E491D /* [CP] Embed Pods Frameworks */ = {
			isa = PBXShellScriptBuildPhase;
			buildActionMask = 2147483647;
			files = (
			);
			inputFileListPaths = (
				"${PODS_ROOT}/Target Support Files/Pods-GTAModes/Pods-GTAModes-frameworks-${CONFIGURATION}-input-files.xcfilelist",
			);
			name = "[CP] Embed Pods Frameworks";
			outputFileListPaths = (
				"${PODS_ROOT}/Target Support Files/Pods-GTAModes/Pods-GTAModes-frameworks-${CONFIGURATION}-output-files.xcfilelist",
			);
			runOnlyForDeploymentPostprocessing = 0;
			shellPath = /bin/sh;
			shellScript = "\"${PODS_ROOT}/Target Support Files/Pods-GTAModes/Pods-GTAModes-frameworks.sh\"\n";
			showEnvVarsInLog = 0;
		};
/* End PBXShellScriptBuildPhase section */

/* Begin PBXSourcesBuildPhase section */
		2C2A20492A7170E1002A6D3C /* Sources */ = {
			isa = PBXSourcesBuildPhase;
			buildActionMask = 2147483647;
			files = (
				2CBFE4552A77E28400A50257 /* GTAModes_FilterTableViewCell.swift in Sources */,
				2C45A5402A76A7A50023B3A8 /* GTAModes_FilterViewController.swift in Sources */,
				2C5CA6EA2A92514D005F9D24 /* ModObject.swift in Sources */,
				2C5CA6E82A924DFC005F9D24 /* GTAModes_GameModesModel.swift in Sources */,
				2C45A5392A76A7620023B3A8 /* GTAModes_GameCheatsModel.swift in Sources */,
				2C2A20B72A7551E8002A6D3C /* GTAModes_MainTableViewCell.swift in Sources */,
				2C45A5432A771A050023B3A8 /* GTAModes_ChecklistCell.swift in Sources */,
				2C45A5372A76A7550023B3A8 /* GTAModes_GameCheatsViewController.swift in Sources */,
				2CDEBF072A82F57100F976A3 /* GTAModes_CustomNavigationView.swift in Sources */,
				2C4F877A2A92DEB9006DC2CD /* GTAModes_GameModesTableViewCell.swift in Sources */,
				2CDEBF042A82586500F976A3 /* GTAModes_DBConstants.swift in Sources */,
				2CA95FF82A84D4210039343E /* CheatsObject.swift in Sources */,
				2C45A53D2A76A7800023B3A8 /* GTAModes_ChecklistModel.swift in Sources */,
				2C7F39F42A7BF09800F575F7 /* GameModesHeaderView.swift in Sources */,
				2C2A20762A7286EC002A6D3C /* GTAModes_FlowCoordinator.swift in Sources */,
				2C51E7362A8BA9570077C421 /* GTAModes_SearchBar.swift in Sources */,
				2C2A20512A7170E1002A6D3C /* GTA_AppDelegate.swift in Sources */,
				2C2A20B92A7556BF002A6D3C /* GTAModes_Reusable.swift in Sources */,
				2C2A20732A7285AA002A6D3C /* GTAModes_MainFlowCoordinator.swift in Sources */,
				2C5CA6E62A924D78005F9D24 /* GTA_GameModesViewController.swift in Sources */,
				2C51E73A2A8BD5590077C421 /* MissionObject.swift in Sources */,
				2C2A20532A7170E1002A6D3C /* SceneDelegate.swift in Sources */,
				2C7F39F62A7BF0BF00F575F7 /* GTAModes_GameCheatsTableViewCell.swift in Sources */,
				2C2A20BE2A756AD4002A6D3C /* GSViewController.swift in Sources */,
				2CBFE4572A77E38600A50257 /* PanPresentationController.swift in Sources */,
				2C45A53B2A76A7780023B3A8 /* GTAModes_ChecklistViewController.swift in Sources */,
				2CBFE45B2A79080D00A50257 /* GTAModes_MapViewController.swift in Sources */,
				2CA95FFC2A8512470039343E /* MainItemObject.swift in Sources */,
				2C51E7382A8BB19E0077C421 /* GTAModes_SearchBarViewModel.swift in Sources */,
				2C2A20812A729337002A6D3C /* GTAModes_NiblessViewController.swift in Sources */,
				2C2A20BB2A755AFA002A6D3C /* GTAModes_Autolayout.swift in Sources */,
				2CBFE4592A77ECA200A50257 /* PanPresentationManager.swift in Sources */,
				2CDEBF032A82586500F976A3 /* GTAModes_DropBoxManager.swift in Sources */,
				2C1CA42D2A8E70B200C89F79 /* GTA_ServicesManager.swift in Sources */,
				2C2A207B2A729267002A6D3C /* GTAModes_MainViewController.swift in Sources */,
				2CD986802A978D6100E5F54A /* GTA_NetworkStatusMonitor.swift in Sources */,
				2C1CA4712A8E714F00C89F79 /* GTA_Configurations.swift in Sources */,
				2C2A20C02A756AE0002A6D3C /* GSModel.swift in Sources */,
				2C2A207F2A72927E002A6D3C /* GTAModes_MainModel.swift in Sources */,
			);
			runOnlyForDeploymentPostprocessing = 0;
		};
		2CB88FCF2A90CAC7006B9301 /* Sources */ = {
			isa = PBXSourcesBuildPhase;
			buildActionMask = 2147483647;
			files = (
				2CB88FD62A90CAC7006B9301 /* NotificationService.swift in Sources */,
			);
			runOnlyForDeploymentPostprocessing = 0;
		};
/* End PBXSourcesBuildPhase section */

/* Begin PBXTargetDependency section */
		2CB88FD92A90CAC7006B9301 /* PBXTargetDependency */ = {
			isa = PBXTargetDependency;
			target = 2CB88FD22A90CAC7006B9301 /* NotificationService */;
			targetProxy = 2CB88FD82A90CAC7006B9301 /* PBXContainerItemProxy */;
		};
/* End PBXTargetDependency section */

/* Begin PBXVariantGroup section */
		2C2A205B2A7170E3002A6D3C /* LaunchScreen.storyboard */ = {
			isa = PBXVariantGroup;
			children = (
				2CBFE4472A77BE0200A50257 /* Base */,
			);
			name = LaunchScreen.storyboard;
			sourceTree = "<group>";
		};
/* End PBXVariantGroup section */

/* Begin XCBuildConfiguration section */
		2C2A205F2A7170E3002A6D3C /* Debug */ = {
			isa = XCBuildConfiguration;
			buildSettings = {
				ALWAYS_SEARCH_USER_PATHS = NO;
				CLANG_ANALYZER_NONNULL = YES;
				CLANG_ANALYZER_NUMBER_OBJECT_CONVERSION = YES_AGGRESSIVE;
				CLANG_CXX_LANGUAGE_STANDARD = "gnu++20";
				CLANG_ENABLE_MODULES = YES;
				CLANG_ENABLE_OBJC_ARC = YES;
				CLANG_ENABLE_OBJC_WEAK = YES;
				CLANG_WARN_BLOCK_CAPTURE_AUTORELEASING = YES;
				CLANG_WARN_BOOL_CONVERSION = YES;
				CLANG_WARN_COMMA = YES;
				CLANG_WARN_CONSTANT_CONVERSION = YES;
				CLANG_WARN_DEPRECATED_OBJC_IMPLEMENTATIONS = YES;
				CLANG_WARN_DIRECT_OBJC_ISA_USAGE = YES_ERROR;
				CLANG_WARN_DOCUMENTATION_COMMENTS = YES;
				CLANG_WARN_EMPTY_BODY = YES;
				CLANG_WARN_ENUM_CONVERSION = YES;
				CLANG_WARN_INFINITE_RECURSION = YES;
				CLANG_WARN_INT_CONVERSION = YES;
				CLANG_WARN_NON_LITERAL_NULL_CONVERSION = YES;
				CLANG_WARN_OBJC_IMPLICIT_RETAIN_SELF = YES;
				CLANG_WARN_OBJC_LITERAL_CONVERSION = YES;
				CLANG_WARN_OBJC_ROOT_CLASS = YES_ERROR;
				CLANG_WARN_QUOTED_INCLUDE_IN_FRAMEWORK_HEADER = YES;
				CLANG_WARN_RANGE_LOOP_ANALYSIS = YES;
				CLANG_WARN_STRICT_PROTOTYPES = YES;
				CLANG_WARN_SUSPICIOUS_MOVE = YES;
				CLANG_WARN_UNGUARDED_AVAILABILITY = YES_AGGRESSIVE;
				CLANG_WARN_UNREACHABLE_CODE = YES;
				CLANG_WARN__DUPLICATE_METHOD_MATCH = YES;
				COPY_PHASE_STRIP = NO;
				DEBUG_INFORMATION_FORMAT = dwarf;
				ENABLE_STRICT_OBJC_MSGSEND = YES;
				ENABLE_TESTABILITY = YES;
				GCC_C_LANGUAGE_STANDARD = gnu11;
				GCC_DYNAMIC_NO_PIC = NO;
				GCC_NO_COMMON_BLOCKS = YES;
				GCC_OPTIMIZATION_LEVEL = 0;
				GCC_PREPROCESSOR_DEFINITIONS = (
					"DEBUG=1",
					"$(inherited)",
				);
				GCC_WARN_64_TO_32_BIT_CONVERSION = YES;
				GCC_WARN_ABOUT_RETURN_TYPE = YES_ERROR;
				GCC_WARN_UNDECLARED_SELECTOR = YES;
				GCC_WARN_UNINITIALIZED_AUTOS = YES_AGGRESSIVE;
				GCC_WARN_UNUSED_FUNCTION = YES;
				GCC_WARN_UNUSED_VARIABLE = YES;
				IPHONEOS_DEPLOYMENT_TARGET = 13.0;
				MTL_ENABLE_DEBUG_INFO = INCLUDE_SOURCE;
				MTL_FAST_MATH = YES;
				ONLY_ACTIVE_ARCH = YES;
				SDKROOT = iphoneos;
				SWIFT_ACTIVE_COMPILATION_CONDITIONS = DEBUG;
				SWIFT_OPTIMIZATION_LEVEL = "-Onone";
			};
			name = Debug;
		};
		2C2A20602A7170E3002A6D3C /* Release */ = {
			isa = XCBuildConfiguration;
			buildSettings = {
				ALWAYS_SEARCH_USER_PATHS = NO;
				CLANG_ANALYZER_NONNULL = YES;
				CLANG_ANALYZER_NUMBER_OBJECT_CONVERSION = YES_AGGRESSIVE;
				CLANG_CXX_LANGUAGE_STANDARD = "gnu++20";
				CLANG_ENABLE_MODULES = YES;
				CLANG_ENABLE_OBJC_ARC = YES;
				CLANG_ENABLE_OBJC_WEAK = YES;
				CLANG_WARN_BLOCK_CAPTURE_AUTORELEASING = YES;
				CLANG_WARN_BOOL_CONVERSION = YES;
				CLANG_WARN_COMMA = YES;
				CLANG_WARN_CONSTANT_CONVERSION = YES;
				CLANG_WARN_DEPRECATED_OBJC_IMPLEMENTATIONS = YES;
				CLANG_WARN_DIRECT_OBJC_ISA_USAGE = YES_ERROR;
				CLANG_WARN_DOCUMENTATION_COMMENTS = YES;
				CLANG_WARN_EMPTY_BODY = YES;
				CLANG_WARN_ENUM_CONVERSION = YES;
				CLANG_WARN_INFINITE_RECURSION = YES;
				CLANG_WARN_INT_CONVERSION = YES;
				CLANG_WARN_NON_LITERAL_NULL_CONVERSION = YES;
				CLANG_WARN_OBJC_IMPLICIT_RETAIN_SELF = YES;
				CLANG_WARN_OBJC_LITERAL_CONVERSION = YES;
				CLANG_WARN_OBJC_ROOT_CLASS = YES_ERROR;
				CLANG_WARN_QUOTED_INCLUDE_IN_FRAMEWORK_HEADER = YES;
				CLANG_WARN_RANGE_LOOP_ANALYSIS = YES;
				CLANG_WARN_STRICT_PROTOTYPES = YES;
				CLANG_WARN_SUSPICIOUS_MOVE = YES;
				CLANG_WARN_UNGUARDED_AVAILABILITY = YES_AGGRESSIVE;
				CLANG_WARN_UNREACHABLE_CODE = YES;
				CLANG_WARN__DUPLICATE_METHOD_MATCH = YES;
				COPY_PHASE_STRIP = NO;
				DEBUG_INFORMATION_FORMAT = "dwarf-with-dsym";
				ENABLE_NS_ASSERTIONS = NO;
				ENABLE_STRICT_OBJC_MSGSEND = YES;
				GCC_C_LANGUAGE_STANDARD = gnu11;
				GCC_NO_COMMON_BLOCKS = YES;
				GCC_WARN_64_TO_32_BIT_CONVERSION = YES;
				GCC_WARN_ABOUT_RETURN_TYPE = YES_ERROR;
				GCC_WARN_UNDECLARED_SELECTOR = YES;
				GCC_WARN_UNINITIALIZED_AUTOS = YES_AGGRESSIVE;
				GCC_WARN_UNUSED_FUNCTION = YES;
				GCC_WARN_UNUSED_VARIABLE = YES;
				IPHONEOS_DEPLOYMENT_TARGET = 13.0;
				MTL_ENABLE_DEBUG_INFO = NO;
				MTL_FAST_MATH = YES;
				SDKROOT = iphoneos;
				SWIFT_COMPILATION_MODE = wholemodule;
				SWIFT_OPTIMIZATION_LEVEL = "-O";
				VALIDATE_PRODUCT = YES;
			};
			name = Release;
		};
		2C2A20622A7170E3002A6D3C /* Debug */ = {
			isa = XCBuildConfiguration;
			baseConfigurationReference = A7040E287D44240A115BA20F /* Pods-GTAModes.debug.xcconfig */;
			buildSettings = {
				ALWAYS_EMBED_SWIFT_STANDARD_LIBRARIES = YES;
				ASSETCATALOG_COMPILER_APPICON_NAME = AppIcon;
				ASSETCATALOG_COMPILER_GLOBAL_ACCENT_COLOR_NAME = AccentColor;
				CODE_SIGN_ENTITLEMENTS = GTAModes/GTAModes.entitlements;
				CODE_SIGN_IDENTITY = "Apple Development";
				CODE_SIGN_STYLE = Automatic;
				CURRENT_PROJECT_VERSION = 1;
				DEVELOPMENT_TEAM = WSL2HKX9YP;
				GENERATE_INFOPLIST_FILE = YES;
				INFOPLIST_FILE = GTAModes/Resources/Info.plist;
				INFOPLIST_KEY_NSUserTrackingUsageDescription = "Template Template Template Template";
				INFOPLIST_KEY_UIApplicationSupportsIndirectInputEvents = YES;
				INFOPLIST_KEY_UILaunchStoryboardName = LaunchScreen;
				INFOPLIST_KEY_UIMainStoryboardFile = "";
				INFOPLIST_KEY_UIStatusBarStyle = UIStatusBarStyleLightContent;
				INFOPLIST_KEY_UISupportedInterfaceOrientations = UIInterfaceOrientationPortrait;
				INFOPLIST_KEY_UIUserInterfaceStyle = Light;
				IPHONEOS_DEPLOYMENT_TARGET = 15.0;
				LD_RUNPATH_SEARCH_PATHS = (
					"$(inherited)",
					"@executable_path/Frameworks",
				);
				MARKETING_VERSION = 1.0;
				PRODUCT_BUNDLE_IDENTIFIER = com.noname.digital.development;
				PRODUCT_NAME = "$(TARGET_NAME)";
				PROVISIONING_PROFILE_SPECIFIER = "";
				SUPPORTED_PLATFORMS = "iphoneos iphonesimulator";
				SUPPORTS_MACCATALYST = NO;
				SUPPORTS_MAC_DESIGNED_FOR_IPHONE_IPAD = YES;
				SWIFT_EMIT_LOC_STRINGS = YES;
				SWIFT_VERSION = 5.0;
				TARGETED_DEVICE_FAMILY = "1,2";
			};
			name = Debug;
		};
		2C2A20632A7170E3002A6D3C /* Release */ = {
			isa = XCBuildConfiguration;
			baseConfigurationReference = 0C14A4FEA062255A39CFF41A /* Pods-GTAModes.release.xcconfig */;
			buildSettings = {
				ALWAYS_EMBED_SWIFT_STANDARD_LIBRARIES = YES;
				ASSETCATALOG_COMPILER_APPICON_NAME = AppIcon;
				ASSETCATALOG_COMPILER_GLOBAL_ACCENT_COLOR_NAME = AccentColor;
				CODE_SIGN_ENTITLEMENTS = GTAModes/GTAModes.entitlements;
				CODE_SIGN_IDENTITY = "Apple Development";
				CODE_SIGN_STYLE = Automatic;
				CURRENT_PROJECT_VERSION = 1;
				DEVELOPMENT_TEAM = WSL2HKX9YP;
				GENERATE_INFOPLIST_FILE = YES;
				INFOPLIST_FILE = GTAModes/Resources/Info.plist;
				INFOPLIST_KEY_NSUserTrackingUsageDescription = "Template Template Template Template";
				INFOPLIST_KEY_UIApplicationSupportsIndirectInputEvents = YES;
				INFOPLIST_KEY_UILaunchStoryboardName = LaunchScreen;
				INFOPLIST_KEY_UIMainStoryboardFile = "";
				INFOPLIST_KEY_UIStatusBarStyle = UIStatusBarStyleLightContent;
				INFOPLIST_KEY_UISupportedInterfaceOrientations = UIInterfaceOrientationPortrait;
				INFOPLIST_KEY_UIUserInterfaceStyle = Light;
				IPHONEOS_DEPLOYMENT_TARGET = 15.0;
				LD_RUNPATH_SEARCH_PATHS = (
					"$(inherited)",
					"@executable_path/Frameworks",
				);
				MARKETING_VERSION = 1.0;
				PRODUCT_BUNDLE_IDENTIFIER = com.noname.digital.development;
				PRODUCT_NAME = "$(TARGET_NAME)";
				PROVISIONING_PROFILE_SPECIFIER = "";
				SUPPORTED_PLATFORMS = "iphoneos iphonesimulator";
				SUPPORTS_MACCATALYST = NO;
				SUPPORTS_MAC_DESIGNED_FOR_IPHONE_IPAD = YES;
				SWIFT_EMIT_LOC_STRINGS = YES;
				SWIFT_VERSION = 5.0;
				TARGETED_DEVICE_FAMILY = "1,2";
			};
			name = Release;
		};
		2CB88FDC2A90CAC7006B9301 /* Debug */ = {
			isa = XCBuildConfiguration;
			buildSettings = {
				CODE_SIGN_ENTITLEMENTS = NotificationService/NotificationService.entitlements;
				CODE_SIGN_IDENTITY = "Apple Development";
				CODE_SIGN_STYLE = Automatic;
				CURRENT_PROJECT_VERSION = 1;
				DEVELOPMENT_TEAM = WSL2HKX9YP;
				GENERATE_INFOPLIST_FILE = YES;
				INFOPLIST_FILE = NotificationService/Info.plist;
				INFOPLIST_KEY_CFBundleDisplayName = NotificationService;
				INFOPLIST_KEY_NSHumanReadableCopyright = "";
				IPHONEOS_DEPLOYMENT_TARGET = 16.4;
				LD_RUNPATH_SEARCH_PATHS = (
					"$(inherited)",
					"@executable_path/Frameworks",
					"@executable_path/../../Frameworks",
				);
				MARKETING_VERSION = 1.0;
				PRODUCT_BUNDLE_IDENTIFIER = com.noname.digital.development.NotificationService;
				PRODUCT_NAME = "$(TARGET_NAME)";
				SKIP_INSTALL = YES;
				SWIFT_EMIT_LOC_STRINGS = YES;
				SWIFT_VERSION = 5.0;
				TARGETED_DEVICE_FAMILY = "1,2";
			};
			name = Debug;
		};
		2CB88FDD2A90CAC7006B9301 /* Release */ = {
			isa = XCBuildConfiguration;
			buildSettings = {
				CODE_SIGN_ENTITLEMENTS = NotificationService/NotificationService.entitlements;
				CODE_SIGN_IDENTITY = "Apple Development";
				CODE_SIGN_STYLE = Automatic;
				CURRENT_PROJECT_VERSION = 1;
				DEVELOPMENT_TEAM = WSL2HKX9YP;
				GENERATE_INFOPLIST_FILE = YES;
				INFOPLIST_FILE = NotificationService/Info.plist;
				INFOPLIST_KEY_CFBundleDisplayName = NotificationService;
				INFOPLIST_KEY_NSHumanReadableCopyright = "";
				IPHONEOS_DEPLOYMENT_TARGET = 16.4;
				LD_RUNPATH_SEARCH_PATHS = (
					"$(inherited)",
					"@executable_path/Frameworks",
					"@executable_path/../../Frameworks",
				);
				MARKETING_VERSION = 1.0;
				PRODUCT_BUNDLE_IDENTIFIER = com.noname.digital.development.NotificationService;
				PRODUCT_NAME = "$(TARGET_NAME)";
				SKIP_INSTALL = YES;
				SWIFT_EMIT_LOC_STRINGS = YES;
				SWIFT_VERSION = 5.0;
				TARGETED_DEVICE_FAMILY = "1,2";
			};
			name = Release;
		};
/* End XCBuildConfiguration section */

/* Begin XCConfigurationList section */
		2C2A20482A7170E1002A6D3C /* Build configuration list for PBXProject "GTAModes" */ = {
			isa = XCConfigurationList;
			buildConfigurations = (
				2C2A205F2A7170E3002A6D3C /* Debug */,
				2C2A20602A7170E3002A6D3C /* Release */,
			);
			defaultConfigurationIsVisible = 0;
			defaultConfigurationName = Release;
		};
		2C2A20612A7170E3002A6D3C /* Build configuration list for PBXNativeTarget "GTAModes" */ = {
			isa = XCConfigurationList;
			buildConfigurations = (
				2C2A20622A7170E3002A6D3C /* Debug */,
				2C2A20632A7170E3002A6D3C /* Release */,
			);
			defaultConfigurationIsVisible = 0;
			defaultConfigurationName = Release;
		};
		2CB88FDE2A90CAC7006B9301 /* Build configuration list for PBXNativeTarget "NotificationService" */ = {
			isa = XCConfigurationList;
			buildConfigurations = (
				2CB88FDC2A90CAC7006B9301 /* Debug */,
				2CB88FDD2A90CAC7006B9301 /* Release */,
			);
			defaultConfigurationIsVisible = 0;
			defaultConfigurationName = Release;
		};
/* End XCConfigurationList section */

/* Begin XCRemoteSwiftPackageReference section */
		2C0DC3752A8FADF800A03F44 /* XCRemoteSwiftPackageReference "Pushwoosh-XCFramework" */ = {
			isa = XCRemoteSwiftPackageReference;
			repositoryURL = "https://github.com/Pushwoosh/Pushwoosh-XCFramework.git";
			requirement = {
				branch = master;
				kind = branch;
			};
		};
		2C2A206D2A727E88002A6D3C /* XCRemoteSwiftPackageReference "realm-swift" */ = {
			isa = XCRemoteSwiftPackageReference;
			repositoryURL = "https://github.com/realm/realm-swift.git";
			requirement = {
				branch = master;
				kind = branch;
			};
		};
		2CA95FFD2A853D2B0039343E /* XCRemoteSwiftPackageReference "Kingfisher" */ = {
			isa = XCRemoteSwiftPackageReference;
			repositoryURL = "https://github.com/onevcat/Kingfisher.git";
			requirement = {
				kind = upToNextMajorVersion;
				minimumVersion = 7.0.0;
			};
		};
		2CC0DA522A90F0CA0083E7B6 /* XCRemoteSwiftPackageReference "firebase-ios-sdk" */ = {
			isa = XCRemoteSwiftPackageReference;
			repositoryURL = "https://github.com/firebase/firebase-ios-sdk";
			requirement = {
				kind = upToNextMajorVersion;
				minimumVersion = 10.0.0;
			};
		};
		2CDEBEDC2A80F1DD00F976A3 /* XCRemoteSwiftPackageReference "SwiftyDropbox" */ = {
			isa = XCRemoteSwiftPackageReference;
			repositoryURL = "https://github.com/dropbox/SwiftyDropbox";
			requirement = {
				kind = upToNextMajorVersion;
				minimumVersion = 9.0.0;
			};
		};
/* End XCRemoteSwiftPackageReference section */

/* Begin XCSwiftPackageProductDependency section */
		2C0DC3762A8FADF800A03F44 /* Pushwoosh */ = {
			isa = XCSwiftPackageProductDependency;
			package = 2C0DC3752A8FADF800A03F44 /* XCRemoteSwiftPackageReference "Pushwoosh-XCFramework" */;
			productName = Pushwoosh;
		};
		2C2A206E2A727E88002A6D3C /* RealmSwift */ = {
			isa = XCSwiftPackageProductDependency;
			package = 2C2A206D2A727E88002A6D3C /* XCRemoteSwiftPackageReference "realm-swift" */;
			productName = RealmSwift;
		};
		2CA95FFF2A853F870039343E /* Kingfisher */ = {
			isa = XCSwiftPackageProductDependency;
			package = 2CA95FFD2A853D2B0039343E /* XCRemoteSwiftPackageReference "Kingfisher" */;
			productName = Kingfisher;
		};
		2CC0DA532A90F0CA0083E7B6 /* FirebaseAnalytics */ = {
			isa = XCSwiftPackageProductDependency;
			package = 2CC0DA522A90F0CA0083E7B6 /* XCRemoteSwiftPackageReference "firebase-ios-sdk" */;
			productName = FirebaseAnalytics;
		};
		2CC0DA552A90F0CA0083E7B6 /* FirebaseAnalyticsOnDeviceConversion */ = {
			isa = XCSwiftPackageProductDependency;
			package = 2CC0DA522A90F0CA0083E7B6 /* XCRemoteSwiftPackageReference "firebase-ios-sdk" */;
			productName = FirebaseAnalyticsOnDeviceConversion;
		};
		2CC0DA572A90F0CA0083E7B6 /* FirebaseAnalyticsSwift */ = {
			isa = XCSwiftPackageProductDependency;
			package = 2CC0DA522A90F0CA0083E7B6 /* XCRemoteSwiftPackageReference "firebase-ios-sdk" */;
			productName = FirebaseAnalyticsSwift;
		};
		2CC0DA592A90F0CA0083E7B6 /* FirebaseAnalyticsWithoutAdIdSupport */ = {
			isa = XCSwiftPackageProductDependency;
			package = 2CC0DA522A90F0CA0083E7B6 /* XCRemoteSwiftPackageReference "firebase-ios-sdk" */;
			productName = FirebaseAnalyticsWithoutAdIdSupport;
		};
		2CDEBEDD2A80F1DD00F976A3 /* SwiftyDropbox */ = {
			isa = XCSwiftPackageProductDependency;
			package = 2CDEBEDC2A80F1DD00F976A3 /* XCRemoteSwiftPackageReference "SwiftyDropbox" */;
			productName = SwiftyDropbox;
		};
/* End XCSwiftPackageProductDependency section */
	};
	rootObject = 2C2A20452A7170E1002A6D3C /* Project object */;
}
